// !$*UTF8*$!
{
	archiveVersion = 1;
	classes = {
	};
	objectVersion = 46;
	objects = {

/* Begin PBXBuildFile section */
		261493FD15C8142200302BFB /* big-green-button@2x.png in Resources */ = {isa = PBXBuildFile; fileRef = 261493FB15C8142200302BFB /* big-green-button@2x.png */; };
		261493FE15C8142200302BFB /* big-green-button.png in Resources */ = {isa = PBXBuildFile; fileRef = 261493FC15C8142200302BFB /* big-green-button.png */; };
		2614940115C8158900302BFB /* big-green-button-highlighted.png in Resources */ = {isa = PBXBuildFile; fileRef = 261493FF15C8158800302BFB /* big-green-button-highlighted.png */; };
		2614940215C8158900302BFB /* big-green-button-highlighted@2x.png in Resources */ = {isa = PBXBuildFile; fileRef = 2614940015C8158800302BFB /* big-green-button-highlighted@2x.png */; };
		2614940515C89C1400302BFB /* bg-menuitem@2x.png in Resources */ = {isa = PBXBuildFile; fileRef = 2614940415C89C1400302BFB /* bg-menuitem@2x.png */; };
		2614940715C89E7C00302BFB /* bg-menuitem.png in Resources */ = {isa = PBXBuildFile; fileRef = 2614940615C89E7C00302BFB /* bg-menuitem.png */; };
		2626D3DF15C6C0B900776CE9 /* GGCPunchViewController.m in Sources */ = {isa = PBXBuildFile; fileRef = 2626D3DE15C6C0B900776CE9 /* GGCPunchViewController.m */; };
		2626D3E215C6C8EF00776CE9 /* NewStoryboard.storyboard in Resources */ = {isa = PBXBuildFile; fileRef = 2626D3E115C6C8EF00776CE9 /* NewStoryboard.storyboard */; };
		2626D3E815C6ECD700776CE9 /* AwesomeMenu.m in Sources */ = {isa = PBXBuildFile; fileRef = 2626D3E515C6ECD700776CE9 /* AwesomeMenu.m */; };
		2626D3E915C6ECD700776CE9 /* AwesomeMenuItem.m in Sources */ = {isa = PBXBuildFile; fileRef = 2626D3E715C6ECD700776CE9 /* AwesomeMenuItem.m */; };
		2626D3FC15C6EFE200776CE9 /* credit-card.png in Resources */ = {isa = PBXBuildFile; fileRef = 2626D3FA15C6EFE200776CE9 /* credit-card.png */; };
		2626D3FD15C6EFE200776CE9 /* credit-card@2x.png in Resources */ = {isa = PBXBuildFile; fileRef = 2626D3FB15C6EFE200776CE9 /* credit-card@2x.png */; };
		2626D40015C6F09800776CE9 /* map-marker.png in Resources */ = {isa = PBXBuildFile; fileRef = 2626D3FE15C6F09800776CE9 /* map-marker.png */; };
		2626D40115C6F09800776CE9 /* map-marker@2x.png in Resources */ = {isa = PBXBuildFile; fileRef = 2626D3FF15C6F09800776CE9 /* map-marker@2x.png */; };
		2626D40515C6F10A00776CE9 /* bubbleIcon@2x.png in Resources */ = {isa = PBXBuildFile; fileRef = 2626D40315C6F10A00776CE9 /* bubbleIcon@2x.png */; };
		2626D40715C6F16100776CE9 /* bubbleIcon.png in Resources */ = {isa = PBXBuildFile; fileRef = 2626D40615C6F16100776CE9 /* bubbleIcon.png */; };
		2626D40A15C6F25000776CE9 /* group.png in Resources */ = {isa = PBXBuildFile; fileRef = 2626D40815C6F25000776CE9 /* group.png */; };
		2626D40D15C6F26800776CE9 /* group@2x.png in Resources */ = {isa = PBXBuildFile; fileRef = 2626D40C15C6F26800776CE9 /* group@2x.png */; };
		2626D41015C6F38300776CE9 /* pricetag.png in Resources */ = {isa = PBXBuildFile; fileRef = 2626D40E15C6F38300776CE9 /* pricetag.png */; };
		2626D41515C6F48B00776CE9 /* pricetag@2x.png in Resources */ = {isa = PBXBuildFile; fileRef = 2626D41415C6F48B00776CE9 /* pricetag@2x.png */; };
		26DD294415C9707300E6F940 /* IIViewDeckController.m in Sources */ = {isa = PBXBuildFile; fileRef = 26DD294115C9707300E6F940 /* IIViewDeckController.m */; };
		26DD294515C9707300E6F940 /* WrapController.m in Sources */ = {isa = PBXBuildFile; fileRef = 26DD294315C9707300E6F940 /* WrapController.m */; };
		26DD295215C989D300E6F940 /* arrow-west@2x.png in Resources */ = {isa = PBXBuildFile; fileRef = 26DD294E15C989D300E6F940 /* arrow-west@2x.png */; };
		26DD295315C989D300E6F940 /* arrow-west.png in Resources */ = {isa = PBXBuildFile; fileRef = 26DD294F15C989D300E6F940 /* arrow-west.png */; };
		26DD295415C989D300E6F940 /* arrow-east.png in Resources */ = {isa = PBXBuildFile; fileRef = 26DD295015C989D300E6F940 /* arrow-east.png */; };
		26DD295515C989D300E6F940 /* arrow-east@2x.png in Resources */ = {isa = PBXBuildFile; fileRef = 26DD295115C989D300E6F940 /* arrow-east@2x.png */; };
		26DD295815C9C4DC00E6F940 /* giddyTitleDark1.png in Resources */ = {isa = PBXBuildFile; fileRef = 26DD295615C9C4DC00E6F940 /* giddyTitleDark1.png */; };
		26DD295915C9C4DC00E6F940 /* giddyTitleDark2.png in Resources */ = {isa = PBXBuildFile; fileRef = 26DD295715C9C4DC00E6F940 /* giddyTitleDark2.png */; };
		26DD296215C9EC4600E6F940 /* punchButton.png in Resources */ = {isa = PBXBuildFile; fileRef = 26DD296015C9EC4600E6F940 /* punchButton.png */; };
		26DD296315C9EC4600E6F940 /* punchButtonPressed.png in Resources */ = {isa = PBXBuildFile; fileRef = 26DD296115C9EC4600E6F940 /* punchButtonPressed.png */; };
		26DD296515C9F77200E6F940 /* pocketCard.png in Resources */ = {isa = PBXBuildFile; fileRef = 26DD296415C9F77000E6F940 /* pocketCard.png */; };
		26DD296815C9F98200E6F940 /* specialsTitle.png in Resources */ = {isa = PBXBuildFile; fileRef = 26DD296615C9F98100E6F940 /* specialsTitle.png */; };
		26DD296915C9F98200E6F940 /* coffeesTitle.png in Resources */ = {isa = PBXBuildFile; fileRef = 26DD296715C9F98200E6F940 /* coffeesTitle.png */; };
		26DD297115CA0AC800E6F940 /* background@2x.png in Resources */ = {isa = PBXBuildFile; fileRef = 26DD297015CA0AC800E6F940 /* background@2x.png */; };
		26DD297315CA0D3A00E6F940 /* creditsTitle.png in Resources */ = {isa = PBXBuildFile; fileRef = 26DD297215CA0D3900E6F940 /* creditsTitle.png */; };
		5F2811EA15AD2182008C1C0A /* phone.png in Resources */ = {isa = PBXBuildFile; fileRef = 5F2811E915AD2182008C1C0A /* phone.png */; };
		5F33899A15B2E7FF003610D8 /* phone@2x.png in Resources */ = {isa = PBXBuildFile; fileRef = 5F33899915B2E7FF003610D8 /* phone@2x.png */; };
		5F3389A015B3000B003610D8 /* Default.png in Resources */ = {isa = PBXBuildFile; fileRef = 5F33899F15B3000B003610D8 /* Default.png */; };
		5F3389AE15B3806A003610D8 /* bkgd-woodgrain@2x.png in Resources */ = {isa = PBXBuildFile; fileRef = 5F3389AC15B3806A003610D8 /* bkgd-woodgrain@2x.png */; };
		5F3389AF15B3806A003610D8 /* bkgd-woodgrain.png in Resources */ = {isa = PBXBuildFile; fileRef = 5F3389AD15B3806A003610D8 /* bkgd-woodgrain.png */; };
		5F3389B515B398CB003610D8 /* Default@2x.png in Resources */ = {isa = PBXBuildFile; fileRef = 5F3389B415B398CB003610D8 /* Default@2x.png */; };
		5F3389B815B399AC003610D8 /* coffeeCup.png in Resources */ = {isa = PBXBuildFile; fileRef = 5F3389B615B399AC003610D8 /* coffeeCup.png */; };
		5F3389B915B399AC003610D8 /* coffeeCup@2x.png in Resources */ = {isa = PBXBuildFile; fileRef = 5F3389B715B399AC003610D8 /* coffeeCup@2x.png */; };
		5F44BF1115AA55A3001709E5 /* NSDataAdditions.m in Sources */ = {isa = PBXBuildFile; fileRef = 5F44BF0E15AA55A3001709E5 /* NSDataAdditions.m */; };
		5F44BF1215AA55A3001709E5 /* TBXML.m in Sources */ = {isa = PBXBuildFile; fileRef = 5F44BF1015AA55A3001709E5 /* TBXML.m */; };
		5F44BF1A15AA5953001709E5 /* libz.1.2.5.dylib in Frameworks */ = {isa = PBXBuildFile; fileRef = 5F44BF1915AA5953001709E5 /* libz.1.2.5.dylib */; };
		5F44BF1C15AA595C001709E5 /* libz.dylib in Frameworks */ = {isa = PBXBuildFile; fileRef = 5F44BF1B15AA595C001709E5 /* libz.dylib */; };
		5F7C97EE15C194D800B7A94A /* libzbar.a in Frameworks */ = {isa = PBXBuildFile; fileRef = 5F7C97E815C194D800B7A94A /* libzbar.a */; };
		5F7C97EF15C194D800B7A94A /* zbar-back.png in Resources */ = {isa = PBXBuildFile; fileRef = 5F7C97EA15C194D800B7A94A /* zbar-back.png */; };
		5F7C97F015C194D800B7A94A /* zbar-help.html in Resources */ = {isa = PBXBuildFile; fileRef = 5F7C97EB15C194D800B7A94A /* zbar-help.html */; };
		5F7C97F115C194D800B7A94A /* zbar-helpicons.png in Resources */ = {isa = PBXBuildFile; fileRef = 5F7C97EC15C194D800B7A94A /* zbar-helpicons.png */; };
		5F7C97F215C194D800B7A94A /* zbar-samples.png in Resources */ = {isa = PBXBuildFile; fileRef = 5F7C97ED15C194D800B7A94A /* zbar-samples.png */; };
		5F7C97F515C1951E00B7A94A /* AVFoundation.framework in Frameworks */ = {isa = PBXBuildFile; fileRef = 5F7C97F415C1951E00B7A94A /* AVFoundation.framework */; settings = {ATTRIBUTES = (Weak, ); }; };
		5F7C97F715C1952E00B7A94A /* CoreMedia.framework in Frameworks */ = {isa = PBXBuildFile; fileRef = 5F7C97F615C1952E00B7A94A /* CoreMedia.framework */; settings = {ATTRIBUTES = (Weak, ); }; };
		5F7C97F915C1954100B7A94A /* CoreVideo.framework in Frameworks */ = {isa = PBXBuildFile; fileRef = 5F7C97F815C1954100B7A94A /* CoreVideo.framework */; settings = {ATTRIBUTES = (Weak, ); }; };
		5F7C97FB15C1955800B7A94A /* QuartzCore.framework in Frameworks */ = {isa = PBXBuildFile; fileRef = 5F7C97FA15C1955800B7A94A /* QuartzCore.framework */; };
		5F7C97FD15C1956D00B7A94A /* libiconv.dylib in Frameworks */ = {isa = PBXBuildFile; fileRef = 5F7C97FC15C1956D00B7A94A /* libiconv.dylib */; };
		5F819B1215AE18C100323E0D /* Social.framework in Frameworks */ = {isa = PBXBuildFile; fileRef = 5F819B1115AE18C100323E0D /* Social.framework */; settings = {ATTRIBUTES = (Weak, ); }; };
		5F819B1915AE571D00323E0D /* Twitter.framework in Frameworks */ = {isa = PBXBuildFile; fileRef = 5F819B1815AE571D00323E0D /* Twitter.framework */; };
		5F97500A15C0911100D0F601 /* libTestFlight.a in Frameworks */ = {isa = PBXBuildFile; fileRef = 5F97500615C0911100D0F601 /* libTestFlight.a */; };
		5F97500B15C0911100D0F601 /* README.txt in Resources */ = {isa = PBXBuildFile; fileRef = 5F97500715C0911100D0F601 /* README.txt */; };
		5F97500C15C0911100D0F601 /* release_notes.txt in Resources */ = {isa = PBXBuildFile; fileRef = 5F97500815C0911100D0F601 /* release_notes.txt */; };
		5FB776CC15A6157C00EC7F00 /* UIKit.framework in Frameworks */ = {isa = PBXBuildFile; fileRef = 5FB776CB15A6157C00EC7F00 /* UIKit.framework */; };
		5FB776CE15A6157C00EC7F00 /* Foundation.framework in Frameworks */ = {isa = PBXBuildFile; fileRef = 5FB776CD15A6157C00EC7F00 /* Foundation.framework */; };
		5FB776D015A6157C00EC7F00 /* CoreGraphics.framework in Frameworks */ = {isa = PBXBuildFile; fileRef = 5FB776CF15A6157C00EC7F00 /* CoreGraphics.framework */; };
		5FB776D615A6157C00EC7F00 /* InfoPlist.strings in Resources */ = {isa = PBXBuildFile; fileRef = 5FB776D415A6157C00EC7F00 /* InfoPlist.strings */; };
		5FB776D815A6157C00EC7F00 /* main.m in Sources */ = {isa = PBXBuildFile; fileRef = 5FB776D715A6157C00EC7F00 /* main.m */; };
		5FB776DC15A6157D00EC7F00 /* GGCAppDelegate.m in Sources */ = {isa = PBXBuildFile; fileRef = 5FB776DB15A6157D00EC7F00 /* GGCAppDelegate.m */; };
		5FB776E515A6157D00EC7F00 /* GGCFirstViewController.m in Sources */ = {isa = PBXBuildFile; fileRef = 5FB776E415A6157D00EC7F00 /* GGCFirstViewController.m */; };
		5FB776EC15A6157D00EC7F00 /* GGCSecondViewController.m in Sources */ = {isa = PBXBuildFile; fileRef = 5FB776EB15A6157D00EC7F00 /* GGCSecondViewController.m */; };
		5FB7771B15A6316200EC7F00 /* Icon@2x.png in Resources */ = {isa = PBXBuildFile; fileRef = 5FB7771A15A6316200EC7F00 /* Icon@2x.png */; };
		5FB7771D15A6318500EC7F00 /* Icon.png in Resources */ = {isa = PBXBuildFile; fileRef = 5FB7771C15A6318500EC7F00 /* Icon.png */; };
		5FB7772715A65E5D00EC7F00 /* coffees.xml in Resources */ = {isa = PBXBuildFile; fileRef = 5FB7772615A65E5D00EC7F00 /* coffees.xml */; };
		5FB7774715A696E100EC7F00 /* MapKit.framework in Frameworks */ = {isa = PBXBuildFile; fileRef = 5FB7774615A696E100EC7F00 /* MapKit.framework */; };
		5FB7774915A6970500EC7F00 /* CoreLocation.framework in Frameworks */ = {isa = PBXBuildFile; fileRef = 5FB7774815A6970500EC7F00 /* CoreLocation.framework */; };
		5FC3460A15AC7C56005C9DF7 /* GGCDetailViewController.m in Sources */ = {isa = PBXBuildFile; fileRef = 5FC3460915AC7C56005C9DF7 /* GGCDetailViewController.m */; };
		5FDE50B715B652CF00867F05 /* Coffee_bean_small_flip.png in Resources */ = {isa = PBXBuildFile; fileRef = 5FDE50B315B652CF00867F05 /* Coffee_bean_small_flip.png */; };
		5FDE50B815B652CF00867F05 /* Coffee_bean_small.png in Resources */ = {isa = PBXBuildFile; fileRef = 5FDE50B415B652CF00867F05 /* Coffee_bean_small.png */; };
		5FDE50B915B652CF00867F05 /* Coffee_bean_small@2x.png in Resources */ = {isa = PBXBuildFile; fileRef = 5FDE50B515B652CF00867F05 /* Coffee_bean_small@2x.png */; };
		5FDE50BA15B652CF00867F05 /* Coffee_bean_small_flip@2x.png in Resources */ = {isa = PBXBuildFile; fileRef = 5FDE50B615B652CF00867F05 /* Coffee_bean_small_flip@2x.png */; };
		5FDE50CD15B8B8BF00867F05 /* MobileCoreServices.framework in Frameworks */ = {isa = PBXBuildFile; fileRef = 5FDE50CC15B8B8BF00867F05 /* MobileCoreServices.framework */; };
		5FDE50CF15B9AC8900867F05 /* chalkboard-icon-512x512.png in Resources */ = {isa = PBXBuildFile; fileRef = 5FDE50CE15B9AC8900867F05 /* chalkboard-icon-512x512.png */; };
		5FDE50D315B9F8A100867F05 /* iTunesArtwork in Resources */ = {isa = PBXBuildFile; fileRef = 5FDE50D215B9F8A100867F05 /* iTunesArtwork */; };
		5FDE50D515B9F8D400867F05 /* Icon-Small.png in Resources */ = {isa = PBXBuildFile; fileRef = 5FDE50D415B9F8D400867F05 /* Icon-Small.png */; };
		5FDE50D715B9F8DD00867F05 /* Icon-Small@2x.png in Resources */ = {isa = PBXBuildFile; fileRef = 5FDE50D615B9F8DD00867F05 /* Icon-Small@2x.png */; };
/* End PBXBuildFile section */

/* Begin PBXFileReference section */
		261493FB15C8142200302BFB /* big-green-button@2x.png */ = {isa = PBXFileReference; lastKnownFileType = image.png; path = "big-green-button@2x.png"; sourceTree = "<group>"; };
		261493FC15C8142200302BFB /* big-green-button.png */ = {isa = PBXFileReference; lastKnownFileType = image.png; path = "big-green-button.png"; sourceTree = "<group>"; };
		261493FF15C8158800302BFB /* big-green-button-highlighted.png */ = {isa = PBXFileReference; lastKnownFileType = image.png; path = "big-green-button-highlighted.png"; sourceTree = "<group>"; };
		2614940015C8158800302BFB /* big-green-button-highlighted@2x.png */ = {isa = PBXFileReference; lastKnownFileType = image.png; path = "big-green-button-highlighted@2x.png"; sourceTree = "<group>"; };
		2614940415C89C1400302BFB /* bg-menuitem@2x.png */ = {isa = PBXFileReference; lastKnownFileType = image.png; path = "bg-menuitem@2x.png"; sourceTree = "<group>"; };
		2614940615C89E7C00302BFB /* bg-menuitem.png */ = {isa = PBXFileReference; lastKnownFileType = image.png; path = "bg-menuitem.png"; sourceTree = "<group>"; };
		2626D3DD15C6C0B900776CE9 /* GGCPunchViewController.h */ = {isa = PBXFileReference; fileEncoding = 4; lastKnownFileType = sourcecode.c.h; name = GGCPunchViewController.h; path = ../GGCPunchViewController.h; sourceTree = "<group>"; };
		2626D3DE15C6C0B900776CE9 /* GGCPunchViewController.m */ = {isa = PBXFileReference; fileEncoding = 4; lastKnownFileType = sourcecode.c.objc; name = GGCPunchViewController.m; path = ../GGCPunchViewController.m; sourceTree = "<group>"; };
		2626D3E115C6C8EF00776CE9 /* NewStoryboard.storyboard */ = {isa = PBXFileReference; fileEncoding = 4; lastKnownFileType = file.storyboard; path = NewStoryboard.storyboard; sourceTree = "<group>"; };
		2626D3E415C6ECD700776CE9 /* AwesomeMenu.h */ = {isa = PBXFileReference; fileEncoding = 4; lastKnownFileType = sourcecode.c.h; path = AwesomeMenu.h; sourceTree = "<group>"; };
		2626D3E515C6ECD700776CE9 /* AwesomeMenu.m */ = {isa = PBXFileReference; fileEncoding = 4; lastKnownFileType = sourcecode.c.objc; path = AwesomeMenu.m; sourceTree = "<group>"; };
		2626D3E615C6ECD700776CE9 /* AwesomeMenuItem.h */ = {isa = PBXFileReference; fileEncoding = 4; lastKnownFileType = sourcecode.c.h; path = AwesomeMenuItem.h; sourceTree = "<group>"; };
		2626D3E715C6ECD700776CE9 /* AwesomeMenuItem.m */ = {isa = PBXFileReference; fileEncoding = 4; lastKnownFileType = sourcecode.c.objc; path = AwesomeMenuItem.m; sourceTree = "<group>"; };
		2626D3FA15C6EFE200776CE9 /* credit-card.png */ = {isa = PBXFileReference; lastKnownFileType = image.png; path = "credit-card.png"; sourceTree = "<group>"; };
		2626D3FB15C6EFE200776CE9 /* credit-card@2x.png */ = {isa = PBXFileReference; lastKnownFileType = image.png; path = "credit-card@2x.png"; sourceTree = "<group>"; };
		2626D3FE15C6F09800776CE9 /* map-marker.png */ = {isa = PBXFileReference; lastKnownFileType = image.png; path = "map-marker.png"; sourceTree = "<group>"; };
		2626D3FF15C6F09800776CE9 /* map-marker@2x.png */ = {isa = PBXFileReference; lastKnownFileType = image.png; path = "map-marker@2x.png"; sourceTree = "<group>"; };
		2626D40315C6F10A00776CE9 /* bubbleIcon@2x.png */ = {isa = PBXFileReference; lastKnownFileType = image.png; path = "bubbleIcon@2x.png"; sourceTree = "<group>"; };
		2626D40615C6F16100776CE9 /* bubbleIcon.png */ = {isa = PBXFileReference; lastKnownFileType = image.png; path = bubbleIcon.png; sourceTree = "<group>"; };
		2626D40815C6F25000776CE9 /* group.png */ = {isa = PBXFileReference; lastKnownFileType = image.png; path = group.png; sourceTree = "<group>"; };
		2626D40C15C6F26800776CE9 /* group@2x.png */ = {isa = PBXFileReference; lastKnownFileType = image.png; path = "group@2x.png"; sourceTree = "<group>"; };
		2626D40E15C6F38300776CE9 /* pricetag.png */ = {isa = PBXFileReference; lastKnownFileType = image.png; path = pricetag.png; sourceTree = "<group>"; };
		2626D41415C6F48B00776CE9 /* pricetag@2x.png */ = {isa = PBXFileReference; lastKnownFileType = image.png; path = "pricetag@2x.png"; sourceTree = "<group>"; };
		26DD294015C9707300E6F940 /* IIViewDeckController.h */ = {isa = PBXFileReference; fileEncoding = 4; lastKnownFileType = sourcecode.c.h; path = IIViewDeckController.h; sourceTree = "<group>"; };
		26DD294115C9707300E6F940 /* IIViewDeckController.m */ = {isa = PBXFileReference; fileEncoding = 4; lastKnownFileType = sourcecode.c.objc; path = IIViewDeckController.m; sourceTree = "<group>"; };
		26DD294215C9707300E6F940 /* WrapController.h */ = {isa = PBXFileReference; fileEncoding = 4; lastKnownFileType = sourcecode.c.h; path = WrapController.h; sourceTree = "<group>"; };
		26DD294315C9707300E6F940 /* WrapController.m */ = {isa = PBXFileReference; fileEncoding = 4; lastKnownFileType = sourcecode.c.objc; path = WrapController.m; sourceTree = "<group>"; };
		26DD294E15C989D300E6F940 /* arrow-west@2x.png */ = {isa = PBXFileReference; lastKnownFileType = image.png; path = "arrow-west@2x.png"; sourceTree = "<group>"; };
		26DD294F15C989D300E6F940 /* arrow-west.png */ = {isa = PBXFileReference; lastKnownFileType = image.png; path = "arrow-west.png"; sourceTree = "<group>"; };
		26DD295015C989D300E6F940 /* arrow-east.png */ = {isa = PBXFileReference; lastKnownFileType = image.png; path = "arrow-east.png"; sourceTree = "<group>"; };
		26DD295115C989D300E6F940 /* arrow-east@2x.png */ = {isa = PBXFileReference; lastKnownFileType = image.png; path = "arrow-east@2x.png"; sourceTree = "<group>"; };
		26DD295615C9C4DC00E6F940 /* giddyTitleDark1.png */ = {isa = PBXFileReference; lastKnownFileType = image.png; path = giddyTitleDark1.png; sourceTree = "<group>"; };
		26DD295715C9C4DC00E6F940 /* giddyTitleDark2.png */ = {isa = PBXFileReference; lastKnownFileType = image.png; path = giddyTitleDark2.png; sourceTree = "<group>"; };
		26DD296015C9EC4600E6F940 /* punchButton.png */ = {isa = PBXFileReference; lastKnownFileType = image.png; path = punchButton.png; sourceTree = "<group>"; };
		26DD296115C9EC4600E6F940 /* punchButtonPressed.png */ = {isa = PBXFileReference; lastKnownFileType = image.png; path = punchButtonPressed.png; sourceTree = "<group>"; };
		26DD296415C9F77000E6F940 /* pocketCard.png */ = {isa = PBXFileReference; lastKnownFileType = image.png; path = pocketCard.png; sourceTree = "<group>"; };
		26DD296615C9F98100E6F940 /* specialsTitle.png */ = {isa = PBXFileReference; lastKnownFileType = image.png; path = specialsTitle.png; sourceTree = "<group>"; };
		26DD296715C9F98200E6F940 /* coffeesTitle.png */ = {isa = PBXFileReference; lastKnownFileType = image.png; path = coffeesTitle.png; sourceTree = "<group>"; };
		26DD297015CA0AC800E6F940 /* background@2x.png */ = {isa = PBXFileReference; lastKnownFileType = image.png; path = "background@2x.png"; sourceTree = "<group>"; };
		26DD297215CA0D3900E6F940 /* creditsTitle.png */ = {isa = PBXFileReference; lastKnownFileType = image.png; path = creditsTitle.png; sourceTree = "<group>"; };
		5F2811E915AD2182008C1C0A /* phone.png */ = {isa = PBXFileReference; lastKnownFileType = image.png; path = phone.png; sourceTree = "<group>"; };
		5F33899915B2E7FF003610D8 /* phone@2x.png */ = {isa = PBXFileReference; lastKnownFileType = image.png; path = "phone@2x.png"; sourceTree = "<group>"; };
		5F33899F15B3000B003610D8 /* Default.png */ = {isa = PBXFileReference; lastKnownFileType = image.png; path = Default.png; sourceTree = "<group>"; };
		5F3389AC15B3806A003610D8 /* bkgd-woodgrain@2x.png */ = {isa = PBXFileReference; lastKnownFileType = image.png; path = "bkgd-woodgrain@2x.png"; sourceTree = "<group>"; };
		5F3389AD15B3806A003610D8 /* bkgd-woodgrain.png */ = {isa = PBXFileReference; lastKnownFileType = image.png; path = "bkgd-woodgrain.png"; sourceTree = "<group>"; };
		5F3389B415B398CB003610D8 /* Default@2x.png */ = {isa = PBXFileReference; lastKnownFileType = image.png; path = "Default@2x.png"; sourceTree = "<group>"; };
		5F3389B615B399AC003610D8 /* coffeeCup.png */ = {isa = PBXFileReference; lastKnownFileType = image.png; path = coffeeCup.png; sourceTree = "<group>"; };
		5F3389B715B399AC003610D8 /* coffeeCup@2x.png */ = {isa = PBXFileReference; lastKnownFileType = image.png; path = "coffeeCup@2x.png"; sourceTree = "<group>"; };
		5F44BF0D15AA55A3001709E5 /* NSDataAdditions.h */ = {isa = PBXFileReference; fileEncoding = 4; lastKnownFileType = sourcecode.c.h; path = NSDataAdditions.h; sourceTree = "<group>"; };
		5F44BF0E15AA55A3001709E5 /* NSDataAdditions.m */ = {isa = PBXFileReference; fileEncoding = 4; lastKnownFileType = sourcecode.c.objc; path = NSDataAdditions.m; sourceTree = "<group>"; };
		5F44BF0F15AA55A3001709E5 /* TBXML.h */ = {isa = PBXFileReference; fileEncoding = 4; lastKnownFileType = sourcecode.c.h; path = TBXML.h; sourceTree = "<group>"; };
		5F44BF1015AA55A3001709E5 /* TBXML.m */ = {isa = PBXFileReference; fileEncoding = 4; lastKnownFileType = sourcecode.c.objc; path = TBXML.m; sourceTree = "<group>"; };
		5F44BF1915AA5953001709E5 /* libz.1.2.5.dylib */ = {isa = PBXFileReference; lastKnownFileType = "compiled.mach-o.dylib"; name = libz.1.2.5.dylib; path = usr/lib/libz.1.2.5.dylib; sourceTree = SDKROOT; };
		5F44BF1B15AA595C001709E5 /* libz.dylib */ = {isa = PBXFileReference; lastKnownFileType = "compiled.mach-o.dylib"; name = libz.dylib; path = usr/lib/libz.dylib; sourceTree = SDKROOT; };
		5F7C97D415C194D800B7A94A /* Decoder.h */ = {isa = PBXFileReference; fileEncoding = 4; lastKnownFileType = sourcecode.c.h; path = Decoder.h; sourceTree = "<group>"; };
		5F7C97D515C194D800B7A94A /* Exception.h */ = {isa = PBXFileReference; fileEncoding = 4; lastKnownFileType = sourcecode.c.h; path = Exception.h; sourceTree = "<group>"; };
		5F7C97D615C194D800B7A94A /* Image.h */ = {isa = PBXFileReference; fileEncoding = 4; lastKnownFileType = sourcecode.c.h; path = Image.h; sourceTree = "<group>"; };
		5F7C97D715C194D800B7A94A /* ImageScanner.h */ = {isa = PBXFileReference; fileEncoding = 4; lastKnownFileType = sourcecode.c.h; path = ImageScanner.h; sourceTree = "<group>"; };
		5F7C97D815C194D800B7A94A /* Processor.h */ = {isa = PBXFileReference; fileEncoding = 4; lastKnownFileType = sourcecode.c.h; path = Processor.h; sourceTree = "<group>"; };
		5F7C97D915C194D800B7A94A /* Scanner.h */ = {isa = PBXFileReference; fileEncoding = 4; lastKnownFileType = sourcecode.c.h; path = Scanner.h; sourceTree = "<group>"; };
		5F7C97DA15C194D800B7A94A /* Symbol.h */ = {isa = PBXFileReference; fileEncoding = 4; lastKnownFileType = sourcecode.c.h; path = Symbol.h; sourceTree = "<group>"; };
		5F7C97DB15C194D800B7A94A /* Video.h */ = {isa = PBXFileReference; fileEncoding = 4; lastKnownFileType = sourcecode.c.h; path = Video.h; sourceTree = "<group>"; };
		5F7C97DC15C194D800B7A94A /* Window.h */ = {isa = PBXFileReference; fileEncoding = 4; lastKnownFileType = sourcecode.c.h; path = Window.h; sourceTree = "<group>"; };
		5F7C97DD15C194D800B7A94A /* zbar.h */ = {isa = PBXFileReference; fileEncoding = 4; lastKnownFileType = sourcecode.c.h; path = zbar.h; sourceTree = "<group>"; };
		5F7C97DE15C194D800B7A94A /* ZBarCameraSimulator.h */ = {isa = PBXFileReference; fileEncoding = 4; lastKnownFileType = sourcecode.c.h; path = ZBarCameraSimulator.h; sourceTree = "<group>"; };
		5F7C97DF15C194D800B7A94A /* ZBarCaptureReader.h */ = {isa = PBXFileReference; fileEncoding = 4; lastKnownFileType = sourcecode.c.h; path = ZBarCaptureReader.h; sourceTree = "<group>"; };
		5F7C97E015C194D800B7A94A /* ZBarHelpController.h */ = {isa = PBXFileReference; fileEncoding = 4; lastKnownFileType = sourcecode.c.h; path = ZBarHelpController.h; sourceTree = "<group>"; };
		5F7C97E115C194D800B7A94A /* ZBarImage.h */ = {isa = PBXFileReference; fileEncoding = 4; lastKnownFileType = sourcecode.c.h; path = ZBarImage.h; sourceTree = "<group>"; };
		5F7C97E215C194D800B7A94A /* ZBarImageScanner.h */ = {isa = PBXFileReference; fileEncoding = 4; lastKnownFileType = sourcecode.c.h; path = ZBarImageScanner.h; sourceTree = "<group>"; };
		5F7C97E315C194D800B7A94A /* ZBarReaderController.h */ = {isa = PBXFileReference; fileEncoding = 4; lastKnownFileType = sourcecode.c.h; path = ZBarReaderController.h; sourceTree = "<group>"; };
		5F7C97E415C194D800B7A94A /* ZBarReaderView.h */ = {isa = PBXFileReference; fileEncoding = 4; lastKnownFileType = sourcecode.c.h; path = ZBarReaderView.h; sourceTree = "<group>"; };
		5F7C97E515C194D800B7A94A /* ZBarReaderViewController.h */ = {isa = PBXFileReference; fileEncoding = 4; lastKnownFileType = sourcecode.c.h; path = ZBarReaderViewController.h; sourceTree = "<group>"; };
		5F7C97E615C194D800B7A94A /* ZBarSDK.h */ = {isa = PBXFileReference; fileEncoding = 4; lastKnownFileType = sourcecode.c.h; path = ZBarSDK.h; sourceTree = "<group>"; };
		5F7C97E715C194D800B7A94A /* ZBarSymbol.h */ = {isa = PBXFileReference; fileEncoding = 4; lastKnownFileType = sourcecode.c.h; path = ZBarSymbol.h; sourceTree = "<group>"; };
		5F7C97E815C194D800B7A94A /* libzbar.a */ = {isa = PBXFileReference; lastKnownFileType = archive.ar; path = libzbar.a; sourceTree = "<group>"; };
		5F7C97EA15C194D800B7A94A /* zbar-back.png */ = {isa = PBXFileReference; lastKnownFileType = image.png; path = "zbar-back.png"; sourceTree = "<group>"; };
		5F7C97EB15C194D800B7A94A /* zbar-help.html */ = {isa = PBXFileReference; fileEncoding = 4; lastKnownFileType = text.html; path = "zbar-help.html"; sourceTree = "<group>"; };
		5F7C97EC15C194D800B7A94A /* zbar-helpicons.png */ = {isa = PBXFileReference; lastKnownFileType = image.png; path = "zbar-helpicons.png"; sourceTree = "<group>"; };
		5F7C97ED15C194D800B7A94A /* zbar-samples.png */ = {isa = PBXFileReference; lastKnownFileType = image.png; path = "zbar-samples.png"; sourceTree = "<group>"; };
		5F7C97F415C1951E00B7A94A /* AVFoundation.framework */ = {isa = PBXFileReference; lastKnownFileType = wrapper.framework; name = AVFoundation.framework; path = System/Library/Frameworks/AVFoundation.framework; sourceTree = SDKROOT; };
		5F7C97F615C1952E00B7A94A /* CoreMedia.framework */ = {isa = PBXFileReference; lastKnownFileType = wrapper.framework; name = CoreMedia.framework; path = System/Library/Frameworks/CoreMedia.framework; sourceTree = SDKROOT; };
		5F7C97F815C1954100B7A94A /* CoreVideo.framework */ = {isa = PBXFileReference; lastKnownFileType = wrapper.framework; name = CoreVideo.framework; path = System/Library/Frameworks/CoreVideo.framework; sourceTree = SDKROOT; };
		5F7C97FA15C1955800B7A94A /* QuartzCore.framework */ = {isa = PBXFileReference; lastKnownFileType = wrapper.framework; name = QuartzCore.framework; path = System/Library/Frameworks/QuartzCore.framework; sourceTree = SDKROOT; };
		5F7C97FC15C1956D00B7A94A /* libiconv.dylib */ = {isa = PBXFileReference; lastKnownFileType = "compiled.mach-o.dylib"; name = libiconv.dylib; path = usr/lib/libiconv.dylib; sourceTree = SDKROOT; };
		5F819B1115AE18C100323E0D /* Social.framework */ = {isa = PBXFileReference; lastKnownFileType = wrapper.framework; name = Social.framework; path = System/Library/Frameworks/Social.framework; sourceTree = SDKROOT; };
		5F819B1815AE571D00323E0D /* Twitter.framework */ = {isa = PBXFileReference; lastKnownFileType = wrapper.framework; name = Twitter.framework; path = System/Library/Frameworks/Twitter.framework; sourceTree = SDKROOT; };
		5F97500615C0911100D0F601 /* libTestFlight.a */ = {isa = PBXFileReference; lastKnownFileType = archive.ar; path = libTestFlight.a; sourceTree = "<group>"; };
		5F97500715C0911100D0F601 /* README.txt */ = {isa = PBXFileReference; fileEncoding = 4; lastKnownFileType = text; path = README.txt; sourceTree = "<group>"; };
		5F97500815C0911100D0F601 /* release_notes.txt */ = {isa = PBXFileReference; fileEncoding = 4; lastKnownFileType = text; path = release_notes.txt; sourceTree = "<group>"; };
		5F97500915C0911100D0F601 /* TestFlight.h */ = {isa = PBXFileReference; fileEncoding = 4; lastKnownFileType = sourcecode.c.h; path = TestFlight.h; sourceTree = "<group>"; };
		5FB776C715A6157C00EC7F00 /* Giddy Goat.app */ = {isa = PBXFileReference; explicitFileType = wrapper.application; includeInIndex = 0; path = "Giddy Goat.app"; sourceTree = BUILT_PRODUCTS_DIR; };
		5FB776CB15A6157C00EC7F00 /* UIKit.framework */ = {isa = PBXFileReference; lastKnownFileType = wrapper.framework; name = UIKit.framework; path = System/Library/Frameworks/UIKit.framework; sourceTree = SDKROOT; };
		5FB776CD15A6157C00EC7F00 /* Foundation.framework */ = {isa = PBXFileReference; lastKnownFileType = wrapper.framework; name = Foundation.framework; path = System/Library/Frameworks/Foundation.framework; sourceTree = SDKROOT; };
		5FB776CF15A6157C00EC7F00 /* CoreGraphics.framework */ = {isa = PBXFileReference; lastKnownFileType = wrapper.framework; name = CoreGraphics.framework; path = System/Library/Frameworks/CoreGraphics.framework; sourceTree = SDKROOT; };
		5FB776D315A6157C00EC7F00 /* Giddy Goat Coffee-Info.plist */ = {isa = PBXFileReference; lastKnownFileType = text.plist.xml; path = "Giddy Goat Coffee-Info.plist"; sourceTree = "<group>"; };
		5FB776D515A6157C00EC7F00 /* en */ = {isa = PBXFileReference; lastKnownFileType = text.plist.strings; name = en; path = en.lproj/InfoPlist.strings; sourceTree = "<group>"; };
		5FB776D715A6157C00EC7F00 /* main.m */ = {isa = PBXFileReference; lastKnownFileType = sourcecode.c.objc; path = main.m; sourceTree = "<group>"; };
		5FB776D915A6157D00EC7F00 /* Giddy Goat Coffee-Prefix.pch */ = {isa = PBXFileReference; lastKnownFileType = sourcecode.c.h; path = "Giddy Goat Coffee-Prefix.pch"; sourceTree = "<group>"; };
		5FB776DA15A6157D00EC7F00 /* GGCAppDelegate.h */ = {isa = PBXFileReference; lastKnownFileType = sourcecode.c.h; path = GGCAppDelegate.h; sourceTree = "<group>"; };
		5FB776DB15A6157D00EC7F00 /* GGCAppDelegate.m */ = {isa = PBXFileReference; lastKnownFileType = sourcecode.c.objc; path = GGCAppDelegate.m; sourceTree = "<group>"; };
		5FB776E315A6157D00EC7F00 /* GGCFirstViewController.h */ = {isa = PBXFileReference; lastKnownFileType = sourcecode.c.h; path = GGCFirstViewController.h; sourceTree = "<group>"; };
		5FB776E415A6157D00EC7F00 /* GGCFirstViewController.m */ = {isa = PBXFileReference; lastKnownFileType = sourcecode.c.objc; path = GGCFirstViewController.m; sourceTree = "<group>"; };
		5FB776EA15A6157D00EC7F00 /* GGCSecondViewController.h */ = {isa = PBXFileReference; lastKnownFileType = sourcecode.c.h; path = GGCSecondViewController.h; sourceTree = "<group>"; };
		5FB776EB15A6157D00EC7F00 /* GGCSecondViewController.m */ = {isa = PBXFileReference; lastKnownFileType = sourcecode.c.objc; path = GGCSecondViewController.m; sourceTree = "<group>"; };
		5FB7771A15A6316200EC7F00 /* Icon@2x.png */ = {isa = PBXFileReference; lastKnownFileType = image.png; path = "Icon@2x.png"; sourceTree = "<group>"; };
		5FB7771C15A6318500EC7F00 /* Icon.png */ = {isa = PBXFileReference; lastKnownFileType = image.png; path = Icon.png; sourceTree = "<group>"; };
		5FB7772615A65E5D00EC7F00 /* coffees.xml */ = {isa = PBXFileReference; fileEncoding = 4; lastKnownFileType = text.xml; path = coffees.xml; sourceTree = "<group>"; };
		5FB7774615A696E100EC7F00 /* MapKit.framework */ = {isa = PBXFileReference; lastKnownFileType = wrapper.framework; name = MapKit.framework; path = System/Library/Frameworks/MapKit.framework; sourceTree = SDKROOT; };
		5FB7774815A6970500EC7F00 /* CoreLocation.framework */ = {isa = PBXFileReference; lastKnownFileType = wrapper.framework; name = CoreLocation.framework; path = System/Library/Frameworks/CoreLocation.framework; sourceTree = SDKROOT; };
		5FC3460815AC7C56005C9DF7 /* GGCDetailViewController.h */ = {isa = PBXFileReference; fileEncoding = 4; lastKnownFileType = sourcecode.c.h; path = GGCDetailViewController.h; sourceTree = "<group>"; };
		5FC3460915AC7C56005C9DF7 /* GGCDetailViewController.m */ = {isa = PBXFileReference; fileEncoding = 4; lastKnownFileType = sourcecode.c.objc; path = GGCDetailViewController.m; sourceTree = "<group>"; };
		5FDE50B315B652CF00867F05 /* Coffee_bean_small_flip.png */ = {isa = PBXFileReference; lastKnownFileType = image.png; path = Coffee_bean_small_flip.png; sourceTree = "<group>"; };
		5FDE50B415B652CF00867F05 /* Coffee_bean_small.png */ = {isa = PBXFileReference; lastKnownFileType = image.png; path = Coffee_bean_small.png; sourceTree = "<group>"; };
		5FDE50B515B652CF00867F05 /* Coffee_bean_small@2x.png */ = {isa = PBXFileReference; lastKnownFileType = image.png; path = "Coffee_bean_small@2x.png"; sourceTree = "<group>"; };
		5FDE50B615B652CF00867F05 /* Coffee_bean_small_flip@2x.png */ = {isa = PBXFileReference; lastKnownFileType = image.png; path = "Coffee_bean_small_flip@2x.png"; sourceTree = "<group>"; };
		5FDE50CC15B8B8BF00867F05 /* MobileCoreServices.framework */ = {isa = PBXFileReference; lastKnownFileType = wrapper.framework; name = MobileCoreServices.framework; path = System/Library/Frameworks/MobileCoreServices.framework; sourceTree = SDKROOT; };
		5FDE50CE15B9AC8900867F05 /* chalkboard-icon-512x512.png */ = {isa = PBXFileReference; lastKnownFileType = image.png; path = "chalkboard-icon-512x512.png"; sourceTree = "<group>"; };
		5FDE50D215B9F8A100867F05 /* iTunesArtwork */ = {isa = PBXFileReference; lastKnownFileType = file; path = iTunesArtwork; sourceTree = "<group>"; };
		5FDE50D415B9F8D400867F05 /* Icon-Small.png */ = {isa = PBXFileReference; lastKnownFileType = image.png; path = "Icon-Small.png"; sourceTree = "<group>"; };
		5FDE50D615B9F8DD00867F05 /* Icon-Small@2x.png */ = {isa = PBXFileReference; lastKnownFileType = image.png; path = "Icon-Small@2x.png"; sourceTree = "<group>"; };
/* End PBXFileReference section */

/* Begin PBXFrameworksBuildPhase section */
		5FB776C415A6157C00EC7F00 /* Frameworks */ = {
			isa = PBXFrameworksBuildPhase;
			buildActionMask = 2147483647;
			files = (
				5F7C97FD15C1956D00B7A94A /* libiconv.dylib in Frameworks */,
				5F7C97FB15C1955800B7A94A /* QuartzCore.framework in Frameworks */,
				5F7C97F915C1954100B7A94A /* CoreVideo.framework in Frameworks */,
				5F7C97F715C1952E00B7A94A /* CoreMedia.framework in Frameworks */,
				5F7C97F515C1951E00B7A94A /* AVFoundation.framework in Frameworks */,
				5FDE50CD15B8B8BF00867F05 /* MobileCoreServices.framework in Frameworks */,
				5F819B1915AE571D00323E0D /* Twitter.framework in Frameworks */,
				5F819B1215AE18C100323E0D /* Social.framework in Frameworks */,
				5F44BF1C15AA595C001709E5 /* libz.dylib in Frameworks */,
				5F44BF1A15AA5953001709E5 /* libz.1.2.5.dylib in Frameworks */,
				5FB7774915A6970500EC7F00 /* CoreLocation.framework in Frameworks */,
				5FB7774715A696E100EC7F00 /* MapKit.framework in Frameworks */,
				5FB776CC15A6157C00EC7F00 /* UIKit.framework in Frameworks */,
				5FB776CE15A6157C00EC7F00 /* Foundation.framework in Frameworks */,
				5FB776D015A6157C00EC7F00 /* CoreGraphics.framework in Frameworks */,
				5F97500A15C0911100D0F601 /* libTestFlight.a in Frameworks */,
				5F7C97EE15C194D800B7A94A /* libzbar.a in Frameworks */,
			);
			runOnlyForDeploymentPostprocessing = 0;
		};
/* End PBXFrameworksBuildPhase section */

/* Begin PBXGroup section */
		2626D3E315C6ECD700776CE9 /* AwesomeMenu */ = {
			isa = PBXGroup;
			children = (
				2626D3E415C6ECD700776CE9 /* AwesomeMenu.h */,
				2626D3E515C6ECD700776CE9 /* AwesomeMenu.m */,
				2626D3E615C6ECD700776CE9 /* AwesomeMenuItem.h */,
				2626D3E715C6ECD700776CE9 /* AwesomeMenuItem.m */,
			);
			name = AwesomeMenu;
			path = "Giddy Goat Coffee/AwesomeMenu";
			sourceTree = "<group>";
		};
		26DD293F15C9707300E6F940 /* ViewDeck */ = {
			isa = PBXGroup;
			children = (
				26DD294015C9707300E6F940 /* IIViewDeckController.h */,
				26DD294115C9707300E6F940 /* IIViewDeckController.m */,
				26DD294215C9707300E6F940 /* WrapController.h */,
				26DD294315C9707300E6F940 /* WrapController.m */,
			);
			path = ViewDeck;
			sourceTree = "<group>";
		};
		5F44BF0B15AA4D02001709E5 /* TBXML */ = {
			isa = PBXGroup;
			children = (
				5F44BF0D15AA55A3001709E5 /* NSDataAdditions.h */,
				5F44BF0E15AA55A3001709E5 /* NSDataAdditions.m */,
				5F44BF0F15AA55A3001709E5 /* TBXML.h */,
				5F44BF1015AA55A3001709E5 /* TBXML.m */,
			);
			name = TBXML;
			path = "Giddy Goat Coffee";
			sourceTree = "<group>";
		};
		5F7C97D015C194D800B7A94A /* ZBarSDK */ = {
			isa = PBXGroup;
			children = (
				5F7C97D115C194D800B7A94A /* Headers */,
				5F7C97E815C194D800B7A94A /* libzbar.a */,
				5F7C97E915C194D800B7A94A /* Resources */,
			);
			name = ZBarSDK;
			path = "Giddy Goat Coffee/ZBarSDK";
			sourceTree = "<group>";
		};
		5F7C97D115C194D800B7A94A /* Headers */ = {
			isa = PBXGroup;
			children = (
				5F7C97D215C194D800B7A94A /* ZBarSDK */,
			);
			path = Headers;
			sourceTree = "<group>";
		};
		5F7C97D215C194D800B7A94A /* ZBarSDK */ = {
			isa = PBXGroup;
			children = (
				5F7C97D315C194D800B7A94A /* zbar */,
				5F7C97DD15C194D800B7A94A /* zbar.h */,
				5F7C97DE15C194D800B7A94A /* ZBarCameraSimulator.h */,
				5F7C97DF15C194D800B7A94A /* ZBarCaptureReader.h */,
				5F7C97E015C194D800B7A94A /* ZBarHelpController.h */,
				5F7C97E115C194D800B7A94A /* ZBarImage.h */,
				5F7C97E215C194D800B7A94A /* ZBarImageScanner.h */,
				5F7C97E315C194D800B7A94A /* ZBarReaderController.h */,
				5F7C97E415C194D800B7A94A /* ZBarReaderView.h */,
				5F7C97E515C194D800B7A94A /* ZBarReaderViewController.h */,
				5F7C97E615C194D800B7A94A /* ZBarSDK.h */,
				5F7C97E715C194D800B7A94A /* ZBarSymbol.h */,
			);
			path = ZBarSDK;
			sourceTree = "<group>";
		};
		5F7C97D315C194D800B7A94A /* zbar */ = {
			isa = PBXGroup;
			children = (
				5F7C97D415C194D800B7A94A /* Decoder.h */,
				5F7C97D515C194D800B7A94A /* Exception.h */,
				5F7C97D615C194D800B7A94A /* Image.h */,
				5F7C97D715C194D800B7A94A /* ImageScanner.h */,
				5F7C97D815C194D800B7A94A /* Processor.h */,
				5F7C97D915C194D800B7A94A /* Scanner.h */,
				5F7C97DA15C194D800B7A94A /* Symbol.h */,
				5F7C97DB15C194D800B7A94A /* Video.h */,
				5F7C97DC15C194D800B7A94A /* Window.h */,
			);
			path = zbar;
			sourceTree = "<group>";
		};
		5F7C97E915C194D800B7A94A /* Resources */ = {
			isa = PBXGroup;
			children = (
				5F7C97EA15C194D800B7A94A /* zbar-back.png */,
				5F7C97EB15C194D800B7A94A /* zbar-help.html */,
				5F7C97EC15C194D800B7A94A /* zbar-helpicons.png */,
				5F7C97ED15C194D800B7A94A /* zbar-samples.png */,
			);
			path = Resources;
			sourceTree = "<group>";
		};
		5F97500515C0911100D0F601 /* TestFlightSDK1-1 */ = {
			isa = PBXGroup;
			children = (
				5F97500615C0911100D0F601 /* libTestFlight.a */,
				5F97500715C0911100D0F601 /* README.txt */,
				5F97500815C0911100D0F601 /* release_notes.txt */,
				5F97500915C0911100D0F601 /* TestFlight.h */,
			);
			path = "TestFlightSDK1-1";
			sourceTree = "<group>";
		};
		5FB776BC15A6157B00EC7F00 = {
			isa = PBXGroup;
			children = (
				5F7C97FC15C1956D00B7A94A /* libiconv.dylib */,
				5F7C97FA15C1955800B7A94A /* QuartzCore.framework */,
				5F7C97F815C1954100B7A94A /* CoreVideo.framework */,
				5F7C97F615C1952E00B7A94A /* CoreMedia.framework */,
				5F7C97F415C1951E00B7A94A /* AVFoundation.framework */,
				5FDE50CC15B8B8BF00867F05 /* MobileCoreServices.framework */,
				5F819B1815AE571D00323E0D /* Twitter.framework */,
				5F819B1115AE18C100323E0D /* Social.framework */,
				5F44BF1B15AA595C001709E5 /* libz.dylib */,
				5F44BF1915AA5953001709E5 /* libz.1.2.5.dylib */,
				5F3389B415B398CB003610D8 /* Default@2x.png */,
				5F33899F15B3000B003610D8 /* Default.png */,
				5FDE50D415B9F8D400867F05 /* Icon-Small.png */,
				5FDE50D615B9F8DD00867F05 /* Icon-Small@2x.png */,
				5FB7771C15A6318500EC7F00 /* Icon.png */,
				5FB7771A15A6316200EC7F00 /* Icon@2x.png */,
				5F97500515C0911100D0F601 /* TestFlightSDK1-1 */,
				26DD293F15C9707300E6F940 /* ViewDeck */,
				2626D3E315C6ECD700776CE9 /* AwesomeMenu */,
				5F44BF0B15AA4D02001709E5 /* TBXML */,
				5F7C97D015C194D800B7A94A /* ZBarSDK */,
				5FB776D115A6157C00EC7F00 /* Giddy Goat Coffee */,
				5FB776CA15A6157C00EC7F00 /* Frameworks */,
				5FB776C815A6157C00EC7F00 /* Products */,
			);
			sourceTree = "<group>";
		};
		5FB776C815A6157C00EC7F00 /* Products */ = {
			isa = PBXGroup;
			children = (
				5FB776C715A6157C00EC7F00 /* Giddy Goat.app */,
			);
			name = Products;
			sourceTree = "<group>";
		};
		5FB776CA15A6157C00EC7F00 /* Frameworks */ = {
			isa = PBXGroup;
			children = (
				5FB7774815A6970500EC7F00 /* CoreLocation.framework */,
				5FB7774615A696E100EC7F00 /* MapKit.framework */,
				5FB776CB15A6157C00EC7F00 /* UIKit.framework */,
				5FB776CD15A6157C00EC7F00 /* Foundation.framework */,
				5FB776CF15A6157C00EC7F00 /* CoreGraphics.framework */,
			);
			name = Frameworks;
			sourceTree = "<group>";
		};
		5FB776D115A6157C00EC7F00 /* Giddy Goat Coffee */ = {
			isa = PBXGroup;
			children = (
				5FB7772615A65E5D00EC7F00 /* coffees.xml */,
				5FB7772915A6625000EC7F00 /* VIewControllers */,
				5FB776DA15A6157D00EC7F00 /* GGCAppDelegate.h */,
				5FB776DB15A6157D00EC7F00 /* GGCAppDelegate.m */,
				2626D3E115C6C8EF00776CE9 /* NewStoryboard.storyboard */,
				5FB7772815A6623900EC7F00 /* Graphics */,
				5FB776D215A6157C00EC7F00 /* Supporting Files */,
			);
			path = "Giddy Goat Coffee";
			sourceTree = "<group>";
		};
		5FB776D215A6157C00EC7F00 /* Supporting Files */ = {
			isa = PBXGroup;
			children = (
				5FB776D315A6157C00EC7F00 /* Giddy Goat Coffee-Info.plist */,
				5FB776D415A6157C00EC7F00 /* InfoPlist.strings */,
				5FB776D715A6157C00EC7F00 /* main.m */,
				5FB776D915A6157D00EC7F00 /* Giddy Goat Coffee-Prefix.pch */,
			);
			name = "Supporting Files";
			sourceTree = "<group>";
		};
		5FB7772815A6623900EC7F00 /* Graphics */ = {
			isa = PBXGroup;
			children = (
				26DD297215CA0D3900E6F940 /* creditsTitle.png */,
				26DD297015CA0AC800E6F940 /* background@2x.png */,
				26DD296615C9F98100E6F940 /* specialsTitle.png */,
				26DD296715C9F98200E6F940 /* coffeesTitle.png */,
				26DD296415C9F77000E6F940 /* pocketCard.png */,
				26DD296015C9EC4600E6F940 /* punchButton.png */,
				26DD296115C9EC4600E6F940 /* punchButtonPressed.png */,
				26DD295615C9C4DC00E6F940 /* giddyTitleDark1.png */,
				26DD295715C9C4DC00E6F940 /* giddyTitleDark2.png */,
				2614940615C89E7C00302BFB /* bg-menuitem.png */,
				2614940415C89C1400302BFB /* bg-menuitem@2x.png */,
				261493FF15C8158800302BFB /* big-green-button-highlighted.png */,
				2614940015C8158800302BFB /* big-green-button-highlighted@2x.png */,
				261493FB15C8142200302BFB /* big-green-button@2x.png */,
				261493FC15C8142200302BFB /* big-green-button.png */,
				2626D40E15C6F38300776CE9 /* pricetag.png */,
				2626D41415C6F48B00776CE9 /* pricetag@2x.png */,
				2626D40C15C6F26800776CE9 /* group@2x.png */,
				2626D40815C6F25000776CE9 /* group.png */,
				2626D40615C6F16100776CE9 /* bubbleIcon.png */,
				2626D40315C6F10A00776CE9 /* bubbleIcon@2x.png */,
				2626D3FE15C6F09800776CE9 /* map-marker.png */,
				2626D3FF15C6F09800776CE9 /* map-marker@2x.png */,
				2626D3FA15C6EFE200776CE9 /* credit-card.png */,
				2626D3FB15C6EFE200776CE9 /* credit-card@2x.png */,
				26DD294E15C989D300E6F940 /* arrow-west@2x.png */,
				26DD294F15C989D300E6F940 /* arrow-west.png */,
				26DD295015C989D300E6F940 /* arrow-east.png */,
				26DD295115C989D300E6F940 /* arrow-east@2x.png */,
				5FDE50D215B9F8A100867F05 /* iTunesArtwork */,
				5FDE50CE15B9AC8900867F05 /* chalkboard-icon-512x512.png */,
				5FDE50B315B652CF00867F05 /* Coffee_bean_small_flip.png */,
				5FDE50B415B652CF00867F05 /* Coffee_bean_small.png */,
				5FDE50B515B652CF00867F05 /* Coffee_bean_small@2x.png */,
				5FDE50B615B652CF00867F05 /* Coffee_bean_small_flip@2x.png */,
				5F3389B615B399AC003610D8 /* coffeeCup.png */,
				5F3389B715B399AC003610D8 /* coffeeCup@2x.png */,
				5F3389AC15B3806A003610D8 /* bkgd-woodgrain@2x.png */,
				5F3389AD15B3806A003610D8 /* bkgd-woodgrain.png */,
				5F2811E915AD2182008C1C0A /* phone.png */,
				5F33899915B2E7FF003610D8 /* phone@2x.png */,
			);
			name = Graphics;
			sourceTree = "<group>";
		};
		5FB7772915A6625000EC7F00 /* VIewControllers */ = {
			isa = PBXGroup;
			children = (
				2626D3DD15C6C0B900776CE9 /* GGCPunchViewController.h */,
				2626D3DE15C6C0B900776CE9 /* GGCPunchViewController.m */,
				5FB776E315A6157D00EC7F00 /* GGCFirstViewController.h */,
				5FB776E415A6157D00EC7F00 /* GGCFirstViewController.m */,
				5FB776EA15A6157D00EC7F00 /* GGCSecondViewController.h */,
				5FB776EB15A6157D00EC7F00 /* GGCSecondViewController.m */,
				5FC3460815AC7C56005C9DF7 /* GGCDetailViewController.h */,
				5FC3460915AC7C56005C9DF7 /* GGCDetailViewController.m */,
			);
			name = VIewControllers;
			sourceTree = "<group>";
		};
/* End PBXGroup section */

/* Begin PBXNativeTarget section */
		5FB776C615A6157C00EC7F00 /* Giddy Goat */ = {
			isa = PBXNativeTarget;
			buildConfigurationList = 5FB776F315A6157D00EC7F00 /* Build configuration list for PBXNativeTarget "Giddy Goat" */;
			buildPhases = (
				5FB776C315A6157C00EC7F00 /* Sources */,
				5FB776C415A6157C00EC7F00 /* Frameworks */,
				5FB776C515A6157C00EC7F00 /* Resources */,
			);
			buildRules = (
			);
			dependencies = (
			);
			name = "Giddy Goat";
			productName = "Giddy Goat Coffee";
			productReference = 5FB776C715A6157C00EC7F00 /* Giddy Goat.app */;
			productType = "com.apple.product-type.application";
		};
/* End PBXNativeTarget section */

/* Begin PBXProject section */
		5FB776BE15A6157B00EC7F00 /* Project object */ = {
			isa = PBXProject;
			attributes = {
				CLASSPREFIX = GGC;
				LastUpgradeCheck = 0430;
			};
			buildConfigurationList = 5FB776C115A6157B00EC7F00 /* Build configuration list for PBXProject "Giddy Goat Coffee" */;
			compatibilityVersion = "Xcode 3.2";
			developmentRegion = English;
			hasScannedForEncodings = 0;
			knownRegions = (
				en,
			);
			mainGroup = 5FB776BC15A6157B00EC7F00;
			productRefGroup = 5FB776C815A6157C00EC7F00 /* Products */;
			projectDirPath = "";
			projectRoot = "";
			targets = (
				5FB776C615A6157C00EC7F00 /* Giddy Goat */,
			);
		};
/* End PBXProject section */

/* Begin PBXResourcesBuildPhase section */
		5FB776C515A6157C00EC7F00 /* Resources */ = {
			isa = PBXResourcesBuildPhase;
			buildActionMask = 2147483647;
			files = (
				5FB776D615A6157C00EC7F00 /* InfoPlist.strings in Resources */,
				5FB7771B15A6316200EC7F00 /* Icon@2x.png in Resources */,
				5FB7771D15A6318500EC7F00 /* Icon.png in Resources */,
				5FB7772715A65E5D00EC7F00 /* coffees.xml in Resources */,
				5F2811EA15AD2182008C1C0A /* phone.png in Resources */,
				5F33899A15B2E7FF003610D8 /* phone@2x.png in Resources */,
				5F3389A015B3000B003610D8 /* Default.png in Resources */,
				5F3389AE15B3806A003610D8 /* bkgd-woodgrain@2x.png in Resources */,
				5F3389AF15B3806A003610D8 /* bkgd-woodgrain.png in Resources */,
				5F3389B515B398CB003610D8 /* Default@2x.png in Resources */,
				5F3389B815B399AC003610D8 /* coffeeCup.png in Resources */,
				5F3389B915B399AC003610D8 /* coffeeCup@2x.png in Resources */,
				5FDE50B715B652CF00867F05 /* Coffee_bean_small_flip.png in Resources */,
				5FDE50B815B652CF00867F05 /* Coffee_bean_small.png in Resources */,
				5FDE50B915B652CF00867F05 /* Coffee_bean_small@2x.png in Resources */,
				5FDE50BA15B652CF00867F05 /* Coffee_bean_small_flip@2x.png in Resources */,
				5FDE50CF15B9AC8900867F05 /* chalkboard-icon-512x512.png in Resources */,
				5FDE50D315B9F8A100867F05 /* iTunesArtwork in Resources */,
				5FDE50D515B9F8D400867F05 /* Icon-Small.png in Resources */,
				5FDE50D715B9F8DD00867F05 /* Icon-Small@2x.png in Resources */,
				5F97500B15C0911100D0F601 /* README.txt in Resources */,
				5F97500C15C0911100D0F601 /* release_notes.txt in Resources */,
				5F7C97EF15C194D800B7A94A /* zbar-back.png in Resources */,
				5F7C97F015C194D800B7A94A /* zbar-help.html in Resources */,
				5F7C97F115C194D800B7A94A /* zbar-helpicons.png in Resources */,
				5F7C97F215C194D800B7A94A /* zbar-samples.png in Resources */,
				2626D3E215C6C8EF00776CE9 /* NewStoryboard.storyboard in Resources */,
				2626D3FC15C6EFE200776CE9 /* credit-card.png in Resources */,
				2626D3FD15C6EFE200776CE9 /* credit-card@2x.png in Resources */,
				2626D40015C6F09800776CE9 /* map-marker.png in Resources */,
				2626D40115C6F09800776CE9 /* map-marker@2x.png in Resources */,
				2626D40515C6F10A00776CE9 /* bubbleIcon@2x.png in Resources */,
				2626D40715C6F16100776CE9 /* bubbleIcon.png in Resources */,
				2626D40A15C6F25000776CE9 /* group.png in Resources */,
				2626D40D15C6F26800776CE9 /* group@2x.png in Resources */,
				2626D41015C6F38300776CE9 /* pricetag.png in Resources */,
				2626D41515C6F48B00776CE9 /* pricetag@2x.png in Resources */,
				261493FD15C8142200302BFB /* big-green-button@2x.png in Resources */,
				261493FE15C8142200302BFB /* big-green-button.png in Resources */,
				2614940115C8158900302BFB /* big-green-button-highlighted.png in Resources */,
				2614940215C8158900302BFB /* big-green-button-highlighted@2x.png in Resources */,
				2614940515C89C1400302BFB /* bg-menuitem@2x.png in Resources */,
				2614940715C89E7C00302BFB /* bg-menuitem.png in Resources */,
				26DD295215C989D300E6F940 /* arrow-west@2x.png in Resources */,
				26DD295315C989D300E6F940 /* arrow-west.png in Resources */,
				26DD295415C989D300E6F940 /* arrow-east.png in Resources */,
				26DD295515C989D300E6F940 /* arrow-east@2x.png in Resources */,
				26DD295815C9C4DC00E6F940 /* giddyTitleDark1.png in Resources */,
				26DD295915C9C4DC00E6F940 /* giddyTitleDark2.png in Resources */,
				26DD296215C9EC4600E6F940 /* punchButton.png in Resources */,
				26DD296315C9EC4600E6F940 /* punchButtonPressed.png in Resources */,
				26DD296515C9F77200E6F940 /* pocketCard.png in Resources */,
				26DD296815C9F98200E6F940 /* specialsTitle.png in Resources */,
				26DD296915C9F98200E6F940 /* coffeesTitle.png in Resources */,
				26DD297115CA0AC800E6F940 /* background@2x.png in Resources */,
				26DD297315CA0D3A00E6F940 /* creditsTitle.png in Resources */,
			);
			runOnlyForDeploymentPostprocessing = 0;
		};
/* End PBXResourcesBuildPhase section */

/* Begin PBXSourcesBuildPhase section */
		5FB776C315A6157C00EC7F00 /* Sources */ = {
			isa = PBXSourcesBuildPhase;
			buildActionMask = 2147483647;
			files = (
				5FB776D815A6157C00EC7F00 /* main.m in Sources */,
				5FB776DC15A6157D00EC7F00 /* GGCAppDelegate.m in Sources */,
				5FB776E515A6157D00EC7F00 /* GGCFirstViewController.m in Sources */,
				5FB776EC15A6157D00EC7F00 /* GGCSecondViewController.m in Sources */,
				5F44BF1115AA55A3001709E5 /* NSDataAdditions.m in Sources */,
				5F44BF1215AA55A3001709E5 /* TBXML.m in Sources */,
				5FC3460A15AC7C56005C9DF7 /* GGCDetailViewController.m in Sources */,
				2626D3DF15C6C0B900776CE9 /* GGCPunchViewController.m in Sources */,
				2626D3E815C6ECD700776CE9 /* AwesomeMenu.m in Sources */,
				2626D3E915C6ECD700776CE9 /* AwesomeMenuItem.m in Sources */,
				26DD294415C9707300E6F940 /* IIViewDeckController.m in Sources */,
				26DD294515C9707300E6F940 /* WrapController.m in Sources */,
			);
			runOnlyForDeploymentPostprocessing = 0;
		};
/* End PBXSourcesBuildPhase section */

/* Begin PBXVariantGroup section */
		5FB776D415A6157C00EC7F00 /* InfoPlist.strings */ = {
			isa = PBXVariantGroup;
			children = (
				5FB776D515A6157C00EC7F00 /* en */,
			);
			name = InfoPlist.strings;
			sourceTree = "<group>";
		};
/* End PBXVariantGroup section */

/* Begin XCBuildConfiguration section */
		5FB776F115A6157D00EC7F00 /* Debug */ = {
			isa = XCBuildConfiguration;
			buildSettings = {
				ALWAYS_SEARCH_USER_PATHS = NO;
				ARCHS = "$(ARCHS_STANDARD_32_BIT)";
				CLANG_ENABLE_OBJC_ARC = YES;
				"CODE_SIGN_IDENTITY[sdk=iphoneos*]" = "iPhone Developer";
				COPY_PHASE_STRIP = NO;
				GCC_C_LANGUAGE_STANDARD = gnu99;
				GCC_DYNAMIC_NO_PIC = NO;
				GCC_OPTIMIZATION_LEVEL = 0;
				GCC_PREPROCESSOR_DEFINITIONS = (
					"DEBUG=1",
					"$(inherited)",
				);
				GCC_SYMBOLS_PRIVATE_EXTERN = NO;
				GCC_VERSION = com.apple.compilers.llvm.clang.1_0;
				GCC_WARN_ABOUT_RETURN_TYPE = YES;
				GCC_WARN_UNINITIALIZED_AUTOS = YES;
				GCC_WARN_UNUSED_VARIABLE = YES;
				IPHONEOS_DEPLOYMENT_TARGET = 5.1;
				SDKROOT = iphoneos;
				TARGETED_DEVICE_FAMILY = "1,2";
			};
			name = Debug;
		};
		5FB776F215A6157D00EC7F00 /* Release */ = {
			isa = XCBuildConfiguration;
			buildSettings = {
				ALWAYS_SEARCH_USER_PATHS = NO;
				ARCHS = "$(ARCHS_STANDARD_32_BIT)";
				CLANG_ENABLE_OBJC_ARC = YES;
				"CODE_SIGN_IDENTITY[sdk=iphoneos*]" = "iPhone Developer";
				COPY_PHASE_STRIP = YES;
				GCC_C_LANGUAGE_STANDARD = gnu99;
				GCC_VERSION = com.apple.compilers.llvm.clang.1_0;
				GCC_WARN_ABOUT_RETURN_TYPE = YES;
				GCC_WARN_UNINITIALIZED_AUTOS = YES;
				GCC_WARN_UNUSED_VARIABLE = YES;
				IPHONEOS_DEPLOYMENT_TARGET = 5.1;
				OTHER_CFLAGS = "-DNS_BLOCK_ASSERTIONS=1";
				SDKROOT = iphoneos;
				TARGETED_DEVICE_FAMILY = "1,2";
				VALIDATE_PRODUCT = YES;
			};
			name = Release;
		};
		5FB776F415A6157D00EC7F00 /* Debug */ = {
			isa = XCBuildConfiguration;
			buildSettings = {
				CODE_SIGN_IDENTITY = "iPhone Developer";
				"CODE_SIGN_IDENTITY[sdk=iphoneos*]" = "iPhone Developer: Todd Pickell (A8RGDK8GJ8)";
				GCC_PRECOMPILE_PREFIX_HEADER = YES;
				GCC_PREFIX_HEADER = "Giddy Goat Coffee/Giddy Goat Coffee-Prefix.pch";
				INFOPLIST_FILE = "Giddy Goat Coffee/Giddy Goat Coffee-Info.plist";
				IPHONEOS_DEPLOYMENT_TARGET = 5.1;
				LIBRARY_SEARCH_PATHS = (
					"$(inherited)",
					"\"$(SRCROOT)/TestFlightSDK1-1\"",
					"\"$(SRCROOT)/Giddy Goat Coffee/ZBarSDK\"",
				);
				ONLY_ACTIVE_ARCH = YES;
				PRODUCT_NAME = "$(TARGET_NAME)";
				PROVISIONING_PROFILE = "";
				"PROVISIONING_PROFILE[sdk=iphoneos*]" = "6B3DB0D3-305F-4F43-A9DB-FF704D10B8CC";
				TARGETED_DEVICE_FAMILY = 1;
				"VALID_ARCHS[sdk=*]" = armv7;
				WRAPPER_EXTENSION = app;
			};
			name = Debug;
		};
		5FB776F515A6157D00EC7F00 /* Release */ = {
			isa = XCBuildConfiguration;
			buildSettings = {
				CODE_SIGN_IDENTITY = "iPhone Distribution";
				"CODE_SIGN_IDENTITY[sdk=iphoneos*]" = "iPhone Distribution: Todd Pickell";
				COPY_PHASE_STRIP = NO;
				GCC_PRECOMPILE_PREFIX_HEADER = YES;
				GCC_PREFIX_HEADER = "Giddy Goat Coffee/Giddy Goat Coffee-Prefix.pch";
				INFOPLIST_FILE = "Giddy Goat Coffee/Giddy Goat Coffee-Info.plist";
				IPHONEOS_DEPLOYMENT_TARGET = 5.1;
				LIBRARY_SEARCH_PATHS = (
					"$(inherited)",
					"\"$(SRCROOT)/TestFlightSDK1-1\"",
					"\"$(SRCROOT)/Giddy Goat Coffee/ZBarSDK\"",
				);
				ONLY_ACTIVE_ARCH = YES;
				PRODUCT_NAME = "$(TARGET_NAME)";
				PROVISIONING_PROFILE = "";
				"PROVISIONING_PROFILE[sdk=iphoneos*]" = "B22BC85F-FFA2-4ADE-9C66-ADCD21C0207C";
				TARGETED_DEVICE_FAMILY = 1;
				"VALID_ARCHS[sdk=*]" = armv6;
				WRAPPER_EXTENSION = app;
			};
			name = Release;
		};
/* End XCBuildConfiguration section */

/* Begin XCConfigurationList section */
		5FB776C115A6157B00EC7F00 /* Build configuration list for PBXProject "Giddy Goat Coffee" */ = {
			isa = XCConfigurationList;
			buildConfigurations = (
				5FB776F115A6157D00EC7F00 /* Debug */,
				5FB776F215A6157D00EC7F00 /* Release */,
			);
			defaultConfigurationIsVisible = 0;
			defaultConfigurationName = Release;
		};
		5FB776F315A6157D00EC7F00 /* Build configuration list for PBXNativeTarget "Giddy Goat" */ = {
			isa = XCConfigurationList;
			buildConfigurations = (
				5FB776F415A6157D00EC7F00 /* Debug */,
				5FB776F515A6157D00EC7F00 /* Release */,
			);
			defaultConfigurationIsVisible = 0;
			defaultConfigurationName = Release;
		};
/* End XCConfigurationList section */
	};
	rootObject = 5FB776BE15A6157B00EC7F00 /* Project object */;
}
