// !$*UTF8*$!
{
	archiveVersion = 1;
	classes = {
	};
	objectVersion = 46;
	objects = {

/* Begin PBXBuildFile section */
		5F2811EA15AD2182008C1C0A /* phone.png in Resources */ = {isa = PBXBuildFile; fileRef = 5F2811E915AD2182008C1C0A /* phone.png */; };
		5F2811F915ADC5DD008C1C0A /* giddyCreditsGreen.png in Resources */ = {isa = PBXBuildFile; fileRef = 5F2811F815ADC5DD008C1C0A /* giddyCreditsGreen.png */; };
		5F2811FF15ADCB7E008C1C0A /* giddyInformation.png in Resources */ = {isa = PBXBuildFile; fileRef = 5F2811FE15ADCB7E008C1C0A /* giddyInformation.png */; };
		5F2FB56615A8A31C00C09E27 /* plastiquePin.png in Resources */ = {isa = PBXBuildFile; fileRef = 5F2FB56315A8A31B00C09E27 /* plastiquePin.png */; };
		5F33899A15B2E7FF003610D8 /* phone@2x.png in Resources */ = {isa = PBXBuildFile; fileRef = 5F33899915B2E7FF003610D8 /* phone@2x.png */; };
		5F33899C15B2E9B5003610D8 /* house@2x.png in Resources */ = {isa = PBXBuildFile; fileRef = 5F33899B15B2E9B5003610D8 /* house@2x.png */; };
		5F3389A015B3000B003610D8 /* Default.png in Resources */ = {isa = PBXBuildFile; fileRef = 5F33899F15B3000B003610D8 /* Default.png */; };
		5F3389AE15B3806A003610D8 /* bkgd-woodgrain@2x.png in Resources */ = {isa = PBXBuildFile; fileRef = 5F3389AC15B3806A003610D8 /* bkgd-woodgrain@2x.png */; };
		5F3389AF15B3806A003610D8 /* bkgd-woodgrain.png in Resources */ = {isa = PBXBuildFile; fileRef = 5F3389AD15B3806A003610D8 /* bkgd-woodgrain.png */; };
		5F3389B215B38269003610D8 /* bkgd-grayStripe@2x.png in Resources */ = {isa = PBXBuildFile; fileRef = 5F3389B015B38269003610D8 /* bkgd-grayStripe@2x.png */; };
		5F3389B315B38269003610D8 /* bkgd-grayStripe.png in Resources */ = {isa = PBXBuildFile; fileRef = 5F3389B115B38269003610D8 /* bkgd-grayStripe.png */; };
		5F3389B515B398CB003610D8 /* Default@2x.png in Resources */ = {isa = PBXBuildFile; fileRef = 5F3389B415B398CB003610D8 /* Default@2x.png */; };
		5F3389B815B399AC003610D8 /* coffeeCup.png in Resources */ = {isa = PBXBuildFile; fileRef = 5F3389B615B399AC003610D8 /* coffeeCup.png */; };
		5F3389B915B399AC003610D8 /* coffeeCup@2x.png in Resources */ = {isa = PBXBuildFile; fileRef = 5F3389B715B399AC003610D8 /* coffeeCup@2x.png */; };
		5F44BF1115AA55A3001709E5 /* NSDataAdditions.m in Sources */ = {isa = PBXBuildFile; fileRef = 5F44BF0E15AA55A3001709E5 /* NSDataAdditions.m */; };
		5F44BF1215AA55A3001709E5 /* TBXML.m in Sources */ = {isa = PBXBuildFile; fileRef = 5F44BF1015AA55A3001709E5 /* TBXML.m */; };
		5F44BF1A15AA5953001709E5 /* libz.1.2.5.dylib in Frameworks */ = {isa = PBXBuildFile; fileRef = 5F44BF1915AA5953001709E5 /* libz.1.2.5.dylib */; };
		5F44BF1C15AA595C001709E5 /* libz.dylib in Frameworks */ = {isa = PBXBuildFile; fileRef = 5F44BF1B15AA595C001709E5 /* libz.dylib */; };
		5F819B1215AE18C100323E0D /* Social.framework in Frameworks */ = {isa = PBXBuildFile; fileRef = 5F819B1115AE18C100323E0D /* Social.framework */; settings = {ATTRIBUTES = (Weak, ); }; };
		5F819B1915AE571D00323E0D /* Twitter.framework in Frameworks */ = {isa = PBXBuildFile; fileRef = 5F819B1815AE571D00323E0D /* Twitter.framework */; };
		5F97500A15C0911100D0F601 /* libTestFlight.a in Frameworks */ = {isa = PBXBuildFile; fileRef = 5F97500615C0911100D0F601 /* libTestFlight.a */; };
		5F97500B15C0911100D0F601 /* README.txt in Resources */ = {isa = PBXBuildFile; fileRef = 5F97500715C0911100D0F601 /* README.txt */; };
		5F97500C15C0911100D0F601 /* release_notes.txt in Resources */ = {isa = PBXBuildFile; fileRef = 5F97500815C0911100D0F601 /* release_notes.txt */; };
		5FB776CC15A6157C00EC7F00 /* UIKit.framework in Frameworks */ = {isa = PBXBuildFile; fileRef = 5FB776CB15A6157C00EC7F00 /* UIKit.framework */; };
		5FB776CE15A6157C00EC7F00 /* Foundation.framework in Frameworks */ = {isa = PBXBuildFile; fileRef = 5FB776CD15A6157C00EC7F00 /* Foundation.framework */; };
		5FB776D015A6157C00EC7F00 /* CoreGraphics.framework in Frameworks */ = {isa = PBXBuildFile; fileRef = 5FB776CF15A6157C00EC7F00 /* CoreGraphics.framework */; };
		5FB776D615A6157C00EC7F00 /* InfoPlist.strings in Resources */ = {isa = PBXBuildFile; fileRef = 5FB776D415A6157C00EC7F00 /* InfoPlist.strings */; };
		5FB776D815A6157C00EC7F00 /* main.m in Sources */ = {isa = PBXBuildFile; fileRef = 5FB776D715A6157C00EC7F00 /* main.m */; };
		5FB776DC15A6157D00EC7F00 /* GGCAppDelegate.m in Sources */ = {isa = PBXBuildFile; fileRef = 5FB776DB15A6157D00EC7F00 /* GGCAppDelegate.m */; };
		5FB776DF15A6157D00EC7F00 /* MainStoryboard_iPhone.storyboard in Resources */ = {isa = PBXBuildFile; fileRef = 5FB776DD15A6157D00EC7F00 /* MainStoryboard_iPhone.storyboard */; };
		5FB776E515A6157D00EC7F00 /* GGCFirstViewController.m in Sources */ = {isa = PBXBuildFile; fileRef = 5FB776E415A6157D00EC7F00 /* GGCFirstViewController.m */; };
		5FB776EC15A6157D00EC7F00 /* GGCSecondViewController.m in Sources */ = {isa = PBXBuildFile; fileRef = 5FB776EB15A6157D00EC7F00 /* GGCSecondViewController.m */; };
		5FB776FB15A6175B00EC7F00 /* GGCThridViewController.m in Sources */ = {isa = PBXBuildFile; fileRef = 5FB776FA15A6175B00EC7F00 /* GGCThridViewController.m */; };
		5FB7771B15A6316200EC7F00 /* Icon@2x.png in Resources */ = {isa = PBXBuildFile; fileRef = 5FB7771A15A6316200EC7F00 /* Icon@2x.png */; };
		5FB7771D15A6318500EC7F00 /* Icon.png in Resources */ = {isa = PBXBuildFile; fileRef = 5FB7771C15A6318500EC7F00 /* Icon.png */; };
		5FB7772515A6594C00EC7F00 /* house.png in Resources */ = {isa = PBXBuildFile; fileRef = 5FB7772415A6594C00EC7F00 /* house.png */; };
		5FB7772715A65E5D00EC7F00 /* coffees.xml in Resources */ = {isa = PBXBuildFile; fileRef = 5FB7772615A65E5D00EC7F00 /* coffees.xml */; };
		5FB7774715A696E100EC7F00 /* MapKit.framework in Frameworks */ = {isa = PBXBuildFile; fileRef = 5FB7774615A696E100EC7F00 /* MapKit.framework */; };
		5FB7774915A6970500EC7F00 /* CoreLocation.framework in Frameworks */ = {isa = PBXBuildFile; fileRef = 5FB7774815A6970500EC7F00 /* CoreLocation.framework */; };
		5FB7774F15A73B3500EC7F00 /* giddyTitle.png in Resources */ = {isa = PBXBuildFile; fileRef = 5FB7774E15A73B3500EC7F00 /* giddyTitle.png */; };
		5FB7775215A73FB100EC7F00 /* coffesTitle.png in Resources */ = {isa = PBXBuildFile; fileRef = 5FB7775115A73FB100EC7F00 /* coffesTitle.png */; };
		5FC3460A15AC7C56005C9DF7 /* GGCDetailViewController.m in Sources */ = {isa = PBXBuildFile; fileRef = 5FC3460915AC7C56005C9DF7 /* GGCDetailViewController.m */; };
		5FDE50B715B652CF00867F05 /* Coffee_bean_small_flip.png in Resources */ = {isa = PBXBuildFile; fileRef = 5FDE50B315B652CF00867F05 /* Coffee_bean_small_flip.png */; };
		5FDE50B815B652CF00867F05 /* Coffee_bean_small.png in Resources */ = {isa = PBXBuildFile; fileRef = 5FDE50B415B652CF00867F05 /* Coffee_bean_small.png */; };
		5FDE50B915B652CF00867F05 /* Coffee_bean_small@2x.png in Resources */ = {isa = PBXBuildFile; fileRef = 5FDE50B515B652CF00867F05 /* Coffee_bean_small@2x.png */; };
		5FDE50BA15B652CF00867F05 /* Coffee_bean_small_flip@2x.png in Resources */ = {isa = PBXBuildFile; fileRef = 5FDE50B615B652CF00867F05 /* Coffee_bean_small_flip@2x.png */; };
		5FDE50CB15B8823000867F05 /* routedAction.png in Resources */ = {isa = PBXBuildFile; fileRef = 5FDE50CA15B8823000867F05 /* routedAction.png */; };
		5FDE50CD15B8B8BF00867F05 /* MobileCoreServices.framework in Frameworks */ = {isa = PBXBuildFile; fileRef = 5FDE50CC15B8B8BF00867F05 /* MobileCoreServices.framework */; };
		5FDE50CF15B9AC8900867F05 /* chalkboard-icon-512x512.png in Resources */ = {isa = PBXBuildFile; fileRef = 5FDE50CE15B9AC8900867F05 /* chalkboard-icon-512x512.png */; };
		5FDE50D315B9F8A100867F05 /* iTunesArtwork in Resources */ = {isa = PBXBuildFile; fileRef = 5FDE50D215B9F8A100867F05 /* iTunesArtwork */; };
		5FDE50D515B9F8D400867F05 /* Icon-Small.png in Resources */ = {isa = PBXBuildFile; fileRef = 5FDE50D415B9F8D400867F05 /* Icon-Small.png */; };
		5FDE50D715B9F8DD00867F05 /* Icon-Small@2x.png in Resources */ = {isa = PBXBuildFile; fileRef = 5FDE50D615B9F8DD00867F05 /* Icon-Small@2x.png */; };
/* End PBXBuildFile section */

/* Begin PBXFileReference section */
		5F2811E915AD2182008C1C0A /* phone.png */ = {isa = PBXFileReference; lastKnownFileType = image.png; path = phone.png; sourceTree = "<group>"; };
		5F2811F815ADC5DD008C1C0A /* giddyCreditsGreen.png */ = {isa = PBXFileReference; lastKnownFileType = image.png; path = giddyCreditsGreen.png; sourceTree = "<group>"; };
		5F2811FE15ADCB7E008C1C0A /* giddyInformation.png */ = {isa = PBXFileReference; lastKnownFileType = image.png; path = giddyInformation.png; sourceTree = "<group>"; };
		5F2FB56315A8A31B00C09E27 /* plastiquePin.png */ = {isa = PBXFileReference; lastKnownFileType = image.png; path = plastiquePin.png; sourceTree = "<group>"; };
		5F33899915B2E7FF003610D8 /* phone@2x.png */ = {isa = PBXFileReference; lastKnownFileType = image.png; path = "phone@2x.png"; sourceTree = "<group>"; };
		5F33899B15B2E9B5003610D8 /* house@2x.png */ = {isa = PBXFileReference; lastKnownFileType = image.png; path = "house@2x.png"; sourceTree = "<group>"; };
		5F33899F15B3000B003610D8 /* Default.png */ = {isa = PBXFileReference; lastKnownFileType = image.png; path = Default.png; sourceTree = "<group>"; };
		5F3389AC15B3806A003610D8 /* bkgd-woodgrain@2x.png */ = {isa = PBXFileReference; lastKnownFileType = image.png; path = "bkgd-woodgrain@2x.png"; sourceTree = "<group>"; };
		5F3389AD15B3806A003610D8 /* bkgd-woodgrain.png */ = {isa = PBXFileReference; lastKnownFileType = image.png; path = "bkgd-woodgrain.png"; sourceTree = "<group>"; };
		5F3389B015B38269003610D8 /* bkgd-grayStripe@2x.png */ = {isa = PBXFileReference; lastKnownFileType = image.png; path = "bkgd-grayStripe@2x.png"; sourceTree = "<group>"; };
		5F3389B115B38269003610D8 /* bkgd-grayStripe.png */ = {isa = PBXFileReference; lastKnownFileType = image.png; path = "bkgd-grayStripe.png"; sourceTree = "<group>"; };
		5F3389B415B398CB003610D8 /* Default@2x.png */ = {isa = PBXFileReference; lastKnownFileType = image.png; path = "Default@2x.png"; sourceTree = "<group>"; };
		5F3389B615B399AC003610D8 /* coffeeCup.png */ = {isa = PBXFileReference; lastKnownFileType = image.png; path = coffeeCup.png; sourceTree = "<group>"; };
		5F3389B715B399AC003610D8 /* coffeeCup@2x.png */ = {isa = PBXFileReference; lastKnownFileType = image.png; path = "coffeeCup@2x.png"; sourceTree = "<group>"; };
		5F44BF0D15AA55A3001709E5 /* NSDataAdditions.h */ = {isa = PBXFileReference; fileEncoding = 4; lastKnownFileType = sourcecode.c.h; path = NSDataAdditions.h; sourceTree = "<group>"; };
		5F44BF0E15AA55A3001709E5 /* NSDataAdditions.m */ = {isa = PBXFileReference; fileEncoding = 4; lastKnownFileType = sourcecode.c.objc; path = NSDataAdditions.m; sourceTree = "<group>"; };
		5F44BF0F15AA55A3001709E5 /* TBXML.h */ = {isa = PBXFileReference; fileEncoding = 4; lastKnownFileType = sourcecode.c.h; path = TBXML.h; sourceTree = "<group>"; };
		5F44BF1015AA55A3001709E5 /* TBXML.m */ = {isa = PBXFileReference; fileEncoding = 4; lastKnownFileType = sourcecode.c.objc; path = TBXML.m; sourceTree = "<group>"; };
		5F44BF1915AA5953001709E5 /* libz.1.2.5.dylib */ = {isa = PBXFileReference; lastKnownFileType = "compiled.mach-o.dylib"; name = libz.1.2.5.dylib; path = usr/lib/libz.1.2.5.dylib; sourceTree = SDKROOT; };
		5F44BF1B15AA595C001709E5 /* libz.dylib */ = {isa = PBXFileReference; lastKnownFileType = "compiled.mach-o.dylib"; name = libz.dylib; path = usr/lib/libz.dylib; sourceTree = SDKROOT; };
		5F819B1115AE18C100323E0D /* Social.framework */ = {isa = PBXFileReference; lastKnownFileType = wrapper.framework; name = Social.framework; path = System/Library/Frameworks/Social.framework; sourceTree = SDKROOT; };
		5F819B1815AE571D00323E0D /* Twitter.framework */ = {isa = PBXFileReference; lastKnownFileType = wrapper.framework; name = Twitter.framework; path = System/Library/Frameworks/Twitter.framework; sourceTree = SDKROOT; };
		5F97500615C0911100D0F601 /* libTestFlight.a */ = {isa = PBXFileReference; lastKnownFileType = archive.ar; path = libTestFlight.a; sourceTree = "<group>"; };
		5F97500715C0911100D0F601 /* README.txt */ = {isa = PBXFileReference; fileEncoding = 4; lastKnownFileType = text; path = README.txt; sourceTree = "<group>"; };
		5F97500815C0911100D0F601 /* release_notes.txt */ = {isa = PBXFileReference; fileEncoding = 4; lastKnownFileType = text; path = release_notes.txt; sourceTree = "<group>"; };
		5F97500915C0911100D0F601 /* TestFlight.h */ = {isa = PBXFileReference; fileEncoding = 4; lastKnownFileType = sourcecode.c.h; path = TestFlight.h; sourceTree = "<group>"; };
		5FB776C715A6157C00EC7F00 /* Giddy Goat.app */ = {isa = PBXFileReference; explicitFileType = wrapper.application; includeInIndex = 0; path = "Giddy Goat.app"; sourceTree = BUILT_PRODUCTS_DIR; };
		5FB776CB15A6157C00EC7F00 /* UIKit.framework */ = {isa = PBXFileReference; lastKnownFileType = wrapper.framework; name = UIKit.framework; path = System/Library/Frameworks/UIKit.framework; sourceTree = SDKROOT; };
		5FB776CD15A6157C00EC7F00 /* Foundation.framework */ = {isa = PBXFileReference; lastKnownFileType = wrapper.framework; name = Foundation.framework; path = System/Library/Frameworks/Foundation.framework; sourceTree = SDKROOT; };
		5FB776CF15A6157C00EC7F00 /* CoreGraphics.framework */ = {isa = PBXFileReference; lastKnownFileType = wrapper.framework; name = CoreGraphics.framework; path = System/Library/Frameworks/CoreGraphics.framework; sourceTree = SDKROOT; };
		5FB776D315A6157C00EC7F00 /* Giddy Goat Coffee-Info.plist */ = {isa = PBXFileReference; lastKnownFileType = text.plist.xml; path = "Giddy Goat Coffee-Info.plist"; sourceTree = "<group>"; };
		5FB776D515A6157C00EC7F00 /* en */ = {isa = PBXFileReference; lastKnownFileType = text.plist.strings; name = en; path = en.lproj/InfoPlist.strings; sourceTree = "<group>"; };
		5FB776D715A6157C00EC7F00 /* main.m */ = {isa = PBXFileReference; lastKnownFileType = sourcecode.c.objc; path = main.m; sourceTree = "<group>"; };
		5FB776D915A6157D00EC7F00 /* Giddy Goat Coffee-Prefix.pch */ = {isa = PBXFileReference; lastKnownFileType = sourcecode.c.h; path = "Giddy Goat Coffee-Prefix.pch"; sourceTree = "<group>"; };
		5FB776DA15A6157D00EC7F00 /* GGCAppDelegate.h */ = {isa = PBXFileReference; lastKnownFileType = sourcecode.c.h; path = GGCAppDelegate.h; sourceTree = "<group>"; };
		5FB776DB15A6157D00EC7F00 /* GGCAppDelegate.m */ = {isa = PBXFileReference; lastKnownFileType = sourcecode.c.objc; path = GGCAppDelegate.m; sourceTree = "<group>"; };
		5FB776DE15A6157D00EC7F00 /* en */ = {isa = PBXFileReference; lastKnownFileType = file.storyboard; name = en; path = en.lproj/MainStoryboard_iPhone.storyboard; sourceTree = "<group>"; };
		5FB776E315A6157D00EC7F00 /* GGCFirstViewController.h */ = {isa = PBXFileReference; lastKnownFileType = sourcecode.c.h; path = GGCFirstViewController.h; sourceTree = "<group>"; };
		5FB776E415A6157D00EC7F00 /* GGCFirstViewController.m */ = {isa = PBXFileReference; lastKnownFileType = sourcecode.c.objc; path = GGCFirstViewController.m; sourceTree = "<group>"; };
		5FB776EA15A6157D00EC7F00 /* GGCSecondViewController.h */ = {isa = PBXFileReference; lastKnownFileType = sourcecode.c.h; path = GGCSecondViewController.h; sourceTree = "<group>"; };
		5FB776EB15A6157D00EC7F00 /* GGCSecondViewController.m */ = {isa = PBXFileReference; lastKnownFileType = sourcecode.c.objc; path = GGCSecondViewController.m; sourceTree = "<group>"; };
		5FB776F915A6175B00EC7F00 /* GGCThridViewController.h */ = {isa = PBXFileReference; fileEncoding = 4; lastKnownFileType = sourcecode.c.h; path = GGCThridViewController.h; sourceTree = "<group>"; };
		5FB776FA15A6175B00EC7F00 /* GGCThridViewController.m */ = {isa = PBXFileReference; fileEncoding = 4; lastKnownFileType = sourcecode.c.objc; path = GGCThridViewController.m; sourceTree = "<group>"; };
		5FB7771A15A6316200EC7F00 /* Icon@2x.png */ = {isa = PBXFileReference; lastKnownFileType = image.png; path = "Icon@2x.png"; sourceTree = "<group>"; };
		5FB7771C15A6318500EC7F00 /* Icon.png */ = {isa = PBXFileReference; lastKnownFileType = image.png; path = Icon.png; sourceTree = "<group>"; };
		5FB7772415A6594C00EC7F00 /* house.png */ = {isa = PBXFileReference; lastKnownFileType = image.png; path = house.png; sourceTree = "<group>"; };
		5FB7772615A65E5D00EC7F00 /* coffees.xml */ = {isa = PBXFileReference; fileEncoding = 4; lastKnownFileType = text.xml; path = coffees.xml; sourceTree = "<group>"; };
		5FB7774615A696E100EC7F00 /* MapKit.framework */ = {isa = PBXFileReference; lastKnownFileType = wrapper.framework; name = MapKit.framework; path = System/Library/Frameworks/MapKit.framework; sourceTree = SDKROOT; };
		5FB7774815A6970500EC7F00 /* CoreLocation.framework */ = {isa = PBXFileReference; lastKnownFileType = wrapper.framework; name = CoreLocation.framework; path = System/Library/Frameworks/CoreLocation.framework; sourceTree = SDKROOT; };
		5FB7774E15A73B3500EC7F00 /* giddyTitle.png */ = {isa = PBXFileReference; lastKnownFileType = image.png; path = giddyTitle.png; sourceTree = "<group>"; };
		5FB7775115A73FB100EC7F00 /* coffesTitle.png */ = {isa = PBXFileReference; lastKnownFileType = image.png; path = coffesTitle.png; sourceTree = "<group>"; };
		5FC3460815AC7C56005C9DF7 /* GGCDetailViewController.h */ = {isa = PBXFileReference; fileEncoding = 4; lastKnownFileType = sourcecode.c.h; path = GGCDetailViewController.h; sourceTree = "<group>"; };
		5FC3460915AC7C56005C9DF7 /* GGCDetailViewController.m */ = {isa = PBXFileReference; fileEncoding = 4; lastKnownFileType = sourcecode.c.objc; path = GGCDetailViewController.m; sourceTree = "<group>"; };
		5FDE50B315B652CF00867F05 /* Coffee_bean_small_flip.png */ = {isa = PBXFileReference; lastKnownFileType = image.png; path = Coffee_bean_small_flip.png; sourceTree = "<group>"; };
		5FDE50B415B652CF00867F05 /* Coffee_bean_small.png */ = {isa = PBXFileReference; lastKnownFileType = image.png; path = Coffee_bean_small.png; sourceTree = "<group>"; };
		5FDE50B515B652CF00867F05 /* Coffee_bean_small@2x.png */ = {isa = PBXFileReference; lastKnownFileType = image.png; path = "Coffee_bean_small@2x.png"; sourceTree = "<group>"; };
		5FDE50B615B652CF00867F05 /* Coffee_bean_small_flip@2x.png */ = {isa = PBXFileReference; lastKnownFileType = image.png; path = "Coffee_bean_small_flip@2x.png"; sourceTree = "<group>"; };
		5FDE50CA15B8823000867F05 /* routedAction.png */ = {isa = PBXFileReference; lastKnownFileType = image.png; path = routedAction.png; sourceTree = "<group>"; };
		5FDE50CC15B8B8BF00867F05 /* MobileCoreServices.framework */ = {isa = PBXFileReference; lastKnownFileType = wrapper.framework; name = MobileCoreServices.framework; path = System/Library/Frameworks/MobileCoreServices.framework; sourceTree = SDKROOT; };
		5FDE50CE15B9AC8900867F05 /* chalkboard-icon-512x512.png */ = {isa = PBXFileReference; lastKnownFileType = image.png; path = "chalkboard-icon-512x512.png"; sourceTree = "<group>"; };
		5FDE50D215B9F8A100867F05 /* iTunesArtwork */ = {isa = PBXFileReference; lastKnownFileType = file; path = iTunesArtwork; sourceTree = "<group>"; };
		5FDE50D415B9F8D400867F05 /* Icon-Small.png */ = {isa = PBXFileReference; lastKnownFileType = image.png; path = "Icon-Small.png"; sourceTree = "<group>"; };
		5FDE50D615B9F8DD00867F05 /* Icon-Small@2x.png */ = {isa = PBXFileReference; lastKnownFileType = image.png; path = "Icon-Small@2x.png"; sourceTree = "<group>"; };
/* End PBXFileReference section */

/* Begin PBXFrameworksBuildPhase section */
		5FB776C415A6157C00EC7F00 /* Frameworks */ = {
			isa = PBXFrameworksBuildPhase;
			buildActionMask = 2147483647;
			files = (
				5FDE50CD15B8B8BF00867F05 /* MobileCoreServices.framework in Frameworks */,
				5F819B1915AE571D00323E0D /* Twitter.framework in Frameworks */,
				5F819B1215AE18C100323E0D /* Social.framework in Frameworks */,
				5F44BF1C15AA595C001709E5 /* libz.dylib in Frameworks */,
				5F44BF1A15AA5953001709E5 /* libz.1.2.5.dylib in Frameworks */,
				5FB7774915A6970500EC7F00 /* CoreLocation.framework in Frameworks */,
				5FB7774715A696E100EC7F00 /* MapKit.framework in Frameworks */,
				5FB776CC15A6157C00EC7F00 /* UIKit.framework in Frameworks */,
				5FB776CE15A6157C00EC7F00 /* Foundation.framework in Frameworks */,
				5FB776D015A6157C00EC7F00 /* CoreGraphics.framework in Frameworks */,
				5F97500A15C0911100D0F601 /* libTestFlight.a in Frameworks */,
			);
			runOnlyForDeploymentPostprocessing = 0;
		};
/* End PBXFrameworksBuildPhase section */

/* Begin PBXGroup section */
		5F44BF0B15AA4D02001709E5 /* TBXML */ = {
			isa = PBXGroup;
			children = (
				5F44BF0D15AA55A3001709E5 /* NSDataAdditions.h */,
				5F44BF0E15AA55A3001709E5 /* NSDataAdditions.m */,
				5F44BF0F15AA55A3001709E5 /* TBXML.h */,
				5F44BF1015AA55A3001709E5 /* TBXML.m */,
			);
			name = TBXML;
			path = "Giddy Goat Coffee";
			sourceTree = "<group>";
		};
		5F97500515C0911100D0F601 /* TestFlightSDK1-1 */ = {
			isa = PBXGroup;
			children = (
				5F97500615C0911100D0F601 /* libTestFlight.a */,
				5F97500715C0911100D0F601 /* README.txt */,
				5F97500815C0911100D0F601 /* release_notes.txt */,
				5F97500915C0911100D0F601 /* TestFlight.h */,
			);
			path = "TestFlightSDK1-1";
			sourceTree = "<group>";
		};
		5FB776BC15A6157B00EC7F00 = {
			isa = PBXGroup;
			children = (
				5F97500515C0911100D0F601 /* TestFlightSDK1-1 */,
				5FDE50CC15B8B8BF00867F05 /* MobileCoreServices.framework */,
				5F3389B415B398CB003610D8 /* Default@2x.png */,
				5F33899F15B3000B003610D8 /* Default.png */,
				5F819B1815AE571D00323E0D /* Twitter.framework */,
				5F819B1115AE18C100323E0D /* Social.framework */,
				5F44BF1B15AA595C001709E5 /* libz.dylib */,
				5F44BF1915AA5953001709E5 /* libz.1.2.5.dylib */,
				5FDE50D415B9F8D400867F05 /* Icon-Small.png */,
				5FDE50D615B9F8DD00867F05 /* Icon-Small@2x.png */,
				5FB7771C15A6318500EC7F00 /* Icon.png */,
				5FB7771A15A6316200EC7F00 /* Icon@2x.png */,
				5F44BF0B15AA4D02001709E5 /* TBXML */,
				5FB776D115A6157C00EC7F00 /* Giddy Goat Coffee */,
				5FB776CA15A6157C00EC7F00 /* Frameworks */,
				5FB776C815A6157C00EC7F00 /* Products */,
			);
			sourceTree = "<group>";
		};
		5FB776C815A6157C00EC7F00 /* Products */ = {
			isa = PBXGroup;
			children = (
				5FB776C715A6157C00EC7F00 /* Giddy Goat.app */,
			);
			name = Products;
			sourceTree = "<group>";
		};
		5FB776CA15A6157C00EC7F00 /* Frameworks */ = {
			isa = PBXGroup;
			children = (
				5FB7774815A6970500EC7F00 /* CoreLocation.framework */,
				5FB7774615A696E100EC7F00 /* MapKit.framework */,
				5FB776CB15A6157C00EC7F00 /* UIKit.framework */,
				5FB776CD15A6157C00EC7F00 /* Foundation.framework */,
				5FB776CF15A6157C00EC7F00 /* CoreGraphics.framework */,
			);
			name = Frameworks;
			sourceTree = "<group>";
		};
		5FB776D115A6157C00EC7F00 /* Giddy Goat Coffee */ = {
			isa = PBXGroup;
			children = (
				5FB7772615A65E5D00EC7F00 /* coffees.xml */,
				5FB7772915A6625000EC7F00 /* VIewControllers */,
				5FB776DA15A6157D00EC7F00 /* GGCAppDelegate.h */,
				5FB776DB15A6157D00EC7F00 /* GGCAppDelegate.m */,
				5FB776DD15A6157D00EC7F00 /* MainStoryboard_iPhone.storyboard */,
				5FB7772815A6623900EC7F00 /* Graphics */,
				5FB776D215A6157C00EC7F00 /* Supporting Files */,
			);
			path = "Giddy Goat Coffee";
			sourceTree = "<group>";
		};
		5FB776D215A6157C00EC7F00 /* Supporting Files */ = {
			isa = PBXGroup;
			children = (
				5FB776D315A6157C00EC7F00 /* Giddy Goat Coffee-Info.plist */,
				5FB776D415A6157C00EC7F00 /* InfoPlist.strings */,
				5FB776D715A6157C00EC7F00 /* main.m */,
				5FB776D915A6157D00EC7F00 /* Giddy Goat Coffee-Prefix.pch */,
			);
			name = "Supporting Files";
			sourceTree = "<group>";
		};
		5FB7772815A6623900EC7F00 /* Graphics */ = {
			isa = PBXGroup;
			children = (
				5FDE50D215B9F8A100867F05 /* iTunesArtwork */,
				5FDE50CE15B9AC8900867F05 /* chalkboard-icon-512x512.png */,
				5FDE50CA15B8823000867F05 /* routedAction.png */,
				5FDE50B315B652CF00867F05 /* Coffee_bean_small_flip.png */,
				5FDE50B415B652CF00867F05 /* Coffee_bean_small.png */,
				5FDE50B515B652CF00867F05 /* Coffee_bean_small@2x.png */,
				5FDE50B615B652CF00867F05 /* Coffee_bean_small_flip@2x.png */,
				5F3389B615B399AC003610D8 /* coffeeCup.png */,
				5F3389B715B399AC003610D8 /* coffeeCup@2x.png */,
				5F3389B015B38269003610D8 /* bkgd-grayStripe@2x.png */,
				5F3389B115B38269003610D8 /* bkgd-grayStripe.png */,
				5F3389AC15B3806A003610D8 /* bkgd-woodgrain@2x.png */,
				5F3389AD15B3806A003610D8 /* bkgd-woodgrain.png */,
				5F2811FE15ADCB7E008C1C0A /* giddyInformation.png */,
				5F2811F815ADC5DD008C1C0A /* giddyCreditsGreen.png */,
				5FB7775115A73FB100EC7F00 /* coffesTitle.png */,
				5FB7774E15A73B3500EC7F00 /* giddyTitle.png */,
				5F2FB56315A8A31B00C09E27 /* plastiquePin.png */,
				5F2811E915AD2182008C1C0A /* phone.png */,
				5F33899915B2E7FF003610D8 /* phone@2x.png */,
				5FB7772415A6594C00EC7F00 /* house.png */,
				5F33899B15B2E9B5003610D8 /* house@2x.png */,
			);
			name = Graphics;
			sourceTree = "<group>";
		};
		5FB7772915A6625000EC7F00 /* VIewControllers */ = {
			isa = PBXGroup;
			children = (
				5FB776E315A6157D00EC7F00 /* GGCFirstViewController.h */,
				5FB776E415A6157D00EC7F00 /* GGCFirstViewController.m */,
				5FB776EA15A6157D00EC7F00 /* GGCSecondViewController.h */,
				5FB776EB15A6157D00EC7F00 /* GGCSecondViewController.m */,
				5FB776F915A6175B00EC7F00 /* GGCThridViewController.h */,
				5FB776FA15A6175B00EC7F00 /* GGCThridViewController.m */,
				5FC3460815AC7C56005C9DF7 /* GGCDetailViewController.h */,
				5FC3460915AC7C56005C9DF7 /* GGCDetailViewController.m */,
			);
			name = VIewControllers;
			sourceTree = "<group>";
		};
/* End PBXGroup section */

/* Begin PBXNativeTarget section */
		5FB776C615A6157C00EC7F00 /* Giddy Goat */ = {
			isa = PBXNativeTarget;
			buildConfigurationList = 5FB776F315A6157D00EC7F00 /* Build configuration list for PBXNativeTarget "Giddy Goat" */;
			buildPhases = (
				5FB776C315A6157C00EC7F00 /* Sources */,
				5FB776C415A6157C00EC7F00 /* Frameworks */,
				5FB776C515A6157C00EC7F00 /* Resources */,
			);
			buildRules = (
			);
			dependencies = (
			);
			name = "Giddy Goat";
			productName = "Giddy Goat Coffee";
			productReference = 5FB776C715A6157C00EC7F00 /* Giddy Goat.app */;
			productType = "com.apple.product-type.application";
		};
/* End PBXNativeTarget section */

/* Begin PBXProject section */
		5FB776BE15A6157B00EC7F00 /* Project object */ = {
			isa = PBXProject;
			attributes = {
				CLASSPREFIX = GGC;
				LastUpgradeCheck = 0430;
			};
			buildConfigurationList = 5FB776C115A6157B00EC7F00 /* Build configuration list for PBXProject "Giddy Goat Coffee" */;
			compatibilityVersion = "Xcode 3.2";
			developmentRegion = English;
			hasScannedForEncodings = 0;
			knownRegions = (
				en,
			);
			mainGroup = 5FB776BC15A6157B00EC7F00;
			productRefGroup = 5FB776C815A6157C00EC7F00 /* Products */;
			projectDirPath = "";
			projectRoot = "";
			targets = (
				5FB776C615A6157C00EC7F00 /* Giddy Goat */,
			);
		};
/* End PBXProject section */

/* Begin PBXResourcesBuildPhase section */
		5FB776C515A6157C00EC7F00 /* Resources */ = {
			isa = PBXResourcesBuildPhase;
			buildActionMask = 2147483647;
			files = (
				5FB776D615A6157C00EC7F00 /* InfoPlist.strings in Resources */,
				5FB776DF15A6157D00EC7F00 /* MainStoryboard_iPhone.storyboard in Resources */,
				5FB7771B15A6316200EC7F00 /* Icon@2x.png in Resources */,
				5FB7771D15A6318500EC7F00 /* Icon.png in Resources */,
				5FB7772515A6594C00EC7F00 /* house.png in Resources */,
				5FB7772715A65E5D00EC7F00 /* coffees.xml in Resources */,
				5FB7774F15A73B3500EC7F00 /* giddyTitle.png in Resources */,
				5FB7775215A73FB100EC7F00 /* coffesTitle.png in Resources */,
				5F2FB56615A8A31C00C09E27 /* plastiquePin.png in Resources */,
				5F2811EA15AD2182008C1C0A /* phone.png in Resources */,
				5F2811F915ADC5DD008C1C0A /* giddyCreditsGreen.png in Resources */,
				5F2811FF15ADCB7E008C1C0A /* giddyInformation.png in Resources */,
				5F33899A15B2E7FF003610D8 /* phone@2x.png in Resources */,
				5F33899C15B2E9B5003610D8 /* house@2x.png in Resources */,
				5F3389A015B3000B003610D8 /* Default.png in Resources */,
				5F3389AE15B3806A003610D8 /* bkgd-woodgrain@2x.png in Resources */,
				5F3389AF15B3806A003610D8 /* bkgd-woodgrain.png in Resources */,
				5F3389B215B38269003610D8 /* bkgd-grayStripe@2x.png in Resources */,
				5F3389B315B38269003610D8 /* bkgd-grayStripe.png in Resources */,
				5F3389B515B398CB003610D8 /* Default@2x.png in Resources */,
				5F3389B815B399AC003610D8 /* coffeeCup.png in Resources */,
				5F3389B915B399AC003610D8 /* coffeeCup@2x.png in Resources */,
				5FDE50B715B652CF00867F05 /* Coffee_bean_small_flip.png in Resources */,
				5FDE50B815B652CF00867F05 /* Coffee_bean_small.png in Resources */,
				5FDE50B915B652CF00867F05 /* Coffee_bean_small@2x.png in Resources */,
				5FDE50BA15B652CF00867F05 /* Coffee_bean_small_flip@2x.png in Resources */,
				5FDE50CB15B8823000867F05 /* routedAction.png in Resources */,
				5FDE50CF15B9AC8900867F05 /* chalkboard-icon-512x512.png in Resources */,
				5FDE50D315B9F8A100867F05 /* iTunesArtwork in Resources */,
				5FDE50D515B9F8D400867F05 /* Icon-Small.png in Resources */,
				5FDE50D715B9F8DD00867F05 /* Icon-Small@2x.png in Resources */,
				5F97500B15C0911100D0F601 /* README.txt in Resources */,
				5F97500C15C0911100D0F601 /* release_notes.txt in Resources */,
			);
			runOnlyForDeploymentPostprocessing = 0;
		};
/* End PBXResourcesBuildPhase section */

/* Begin PBXSourcesBuildPhase section */
		5FB776C315A6157C00EC7F00 /* Sources */ = {
			isa = PBXSourcesBuildPhase;
			buildActionMask = 2147483647;
			files = (
				5FB776D815A6157C00EC7F00 /* main.m in Sources */,
				5FB776DC15A6157D00EC7F00 /* GGCAppDelegate.m in Sources */,
				5FB776E515A6157D00EC7F00 /* GGCFirstViewController.m in Sources */,
				5FB776EC15A6157D00EC7F00 /* GGCSecondViewController.m in Sources */,
				5FB776FB15A6175B00EC7F00 /* GGCThridViewController.m in Sources */,
				5F44BF1115AA55A3001709E5 /* NSDataAdditions.m in Sources */,
				5F44BF1215AA55A3001709E5 /* TBXML.m in Sources */,
				5FC3460A15AC7C56005C9DF7 /* GGCDetailViewController.m in Sources */,
			);
			runOnlyForDeploymentPostprocessing = 0;
		};
/* End PBXSourcesBuildPhase section */

/* Begin PBXVariantGroup section */
		5FB776D415A6157C00EC7F00 /* InfoPlist.strings */ = {
			isa = PBXVariantGroup;
			children = (
				5FB776D515A6157C00EC7F00 /* en */,
			);
			name = InfoPlist.strings;
			sourceTree = "<group>";
		};
		5FB776DD15A6157D00EC7F00 /* MainStoryboard_iPhone.storyboard */ = {
			isa = PBXVariantGroup;
			children = (
				5FB776DE15A6157D00EC7F00 /* en */,
			);
			name = MainStoryboard_iPhone.storyboard;
			sourceTree = "<group>";
		};
/* End PBXVariantGroup section */

/* Begin XCBuildConfiguration section */
		5FB776F115A6157D00EC7F00 /* Debug */ = {
			isa = XCBuildConfiguration;
			buildSettings = {
				ALWAYS_SEARCH_USER_PATHS = NO;
				ARCHS = "$(ARCHS_STANDARD_32_BIT)";
				CLANG_ENABLE_OBJC_ARC = YES;
				"CODE_SIGN_IDENTITY[sdk=iphoneos*]" = "iPhone Developer";
				COPY_PHASE_STRIP = NO;
				GCC_C_LANGUAGE_STANDARD = gnu99;
				GCC_DYNAMIC_NO_PIC = NO;
				GCC_OPTIMIZATION_LEVEL = 0;
				GCC_PREPROCESSOR_DEFINITIONS = (
					"DEBUG=1",
					"$(inherited)",
				);
				GCC_SYMBOLS_PRIVATE_EXTERN = NO;
				GCC_VERSION = com.apple.compilers.llvm.clang.1_0;
				GCC_WARN_ABOUT_RETURN_TYPE = YES;
				GCC_WARN_UNINITIALIZED_AUTOS = YES;
				GCC_WARN_UNUSED_VARIABLE = YES;
				IPHONEOS_DEPLOYMENT_TARGET = 5.1;
				SDKROOT = iphoneos;
				TARGETED_DEVICE_FAMILY = "1,2";
			};
			name = Debug;
		};
		5FB776F215A6157D00EC7F00 /* Release */ = {
			isa = XCBuildConfiguration;
			buildSettings = {
				ALWAYS_SEARCH_USER_PATHS = NO;
				ARCHS = "$(ARCHS_STANDARD_32_BIT)";
				CLANG_ENABLE_OBJC_ARC = YES;
				"CODE_SIGN_IDENTITY[sdk=iphoneos*]" = "iPhone Developer";
				COPY_PHASE_STRIP = YES;
				GCC_C_LANGUAGE_STANDARD = gnu99;
				GCC_VERSION = com.apple.compilers.llvm.clang.1_0;
				GCC_WARN_ABOUT_RETURN_TYPE = YES;
				GCC_WARN_UNINITIALIZED_AUTOS = YES;
				GCC_WARN_UNUSED_VARIABLE = YES;
				IPHONEOS_DEPLOYMENT_TARGET = 5.1;
				OTHER_CFLAGS = "-DNS_BLOCK_ASSERTIONS=1";
				SDKROOT = iphoneos;
				TARGETED_DEVICE_FAMILY = "1,2";
				VALIDATE_PRODUCT = YES;
			};
			name = Release;
		};
		5FB776F415A6157D00EC7F00 /* Debug */ = {
			isa = XCBuildConfiguration;
			buildSettings = {
				CODE_SIGN_IDENTITY = "iPhone Developer: Todd Pickell (A8RGDK8GJ8)";
				"CODE_SIGN_IDENTITY[sdk=iphoneos*]" = "iPhone Developer";
				GCC_PRECOMPILE_PREFIX_HEADER = YES;
				GCC_PREFIX_HEADER = "Giddy Goat Coffee/Giddy Goat Coffee-Prefix.pch";
				INFOPLIST_FILE = "Giddy Goat Coffee/Giddy Goat Coffee-Info.plist";
				IPHONEOS_DEPLOYMENT_TARGET = 5.1;
				LIBRARY_SEARCH_PATHS = (
					"$(inherited)",
					"\"$(SRCROOT)/TestFlightSDK1-1\"",
				);
				PRODUCT_NAME = "$(TARGET_NAME)";
				PROVISIONING_PROFILE = "BBCF74AE-3085-4D78-AA7F-9A5504E93B19";
				"PROVISIONING_PROFILE[sdk=iphoneos*]" = "";
				TARGETED_DEVICE_FAMILY = 1;
				WRAPPER_EXTENSION = app;
			};
			name = Debug;
		};
		5FB776F515A6157D00EC7F00 /* Release */ = {
			isa = XCBuildConfiguration;
			buildSettings = {
				CODE_SIGN_IDENTITY = "iPhone Developer";
				"CODE_SIGN_IDENTITY[sdk=iphoneos*]" = "iPhone Developer";
				COPY_PHASE_STRIP = NO;
				GCC_PRECOMPILE_PREFIX_HEADER = YES;
				GCC_PREFIX_HEADER = "Giddy Goat Coffee/Giddy Goat Coffee-Prefix.pch";
				INFOPLIST_FILE = "Giddy Goat Coffee/Giddy Goat Coffee-Info.plist";
				IPHONEOS_DEPLOYMENT_TARGET = 5.1;
				LIBRARY_SEARCH_PATHS = (
					"$(inherited)",
					"\"$(SRCROOT)/TestFlightSDK1-1\"",
				);
				PRODUCT_NAME = "$(TARGET_NAME)";
				PROVISIONING_PROFILE = "";
				"PROVISIONING_PROFILE[sdk=iphoneos*]" = "";
				TARGETED_DEVICE_FAMILY = 1;
				WRAPPER_EXTENSION = app;
			};
			name = Release;
		};
/* End XCBuildConfiguration section */

/* Begin XCConfigurationList section */
		5FB776C115A6157B00EC7F00 /* Build configuration list for PBXProject "Giddy Goat Coffee" */ = {
			isa = XCConfigurationList;
			buildConfigurations = (
				5FB776F115A6157D00EC7F00 /* Debug */,
				5FB776F215A6157D00EC7F00 /* Release */,
			);
			defaultConfigurationIsVisible = 0;
			defaultConfigurationName = Release;
		};
		5FB776F315A6157D00EC7F00 /* Build configuration list for PBXNativeTarget "Giddy Goat" */ = {
			isa = XCConfigurationList;
			buildConfigurations = (
				5FB776F415A6157D00EC7F00 /* Debug */,
				5FB776F515A6157D00EC7F00 /* Release */,
			);
			defaultConfigurationIsVisible = 0;
			defaultConfigurationName = Release;
		};
/* End XCConfigurationList section */
	};
	rootObject = 5FB776BE15A6157B00EC7F00 /* Project object */;
}
